// !$*UTF8*$!
{
	archiveVersion = 1;
	classes = {
	};
	objectVersion = 46;
	objects = {

/* Begin PBXBuildFile section */
		1AC6FB21180E996B004C840B /* libcocos2d Mac.a in Frameworks */ = {isa = PBXBuildFile; fileRef = 1AC6FAF9180E9839004C840B /* libcocos2d Mac.a */; };
		1AC6FB30180E99EB004C840B /* libcocos2d iOS.a in Frameworks */ = {isa = PBXBuildFile; fileRef = 1AC6FB07180E9839004C840B /* libcocos2d iOS.a */; };
		1D60589F0D05DD5A006BFB54 /* Foundation.framework in Frameworks */ = {isa = PBXBuildFile; fileRef = 1D30AB110D05D00D00671497 /* Foundation.framework */; };
		1DF5F4E00D08C38300B7A737 /* UIKit.framework in Frameworks */ = {isa = PBXBuildFile; fileRef = 1DF5F4DF0D08C38300B7A737 /* UIKit.framework */; };
		288765A50DF7441C002DB57D /* CoreGraphics.framework in Frameworks */ = {isa = PBXBuildFile; fileRef = 288765A40DF7441C002DB57D /* CoreGraphics.framework */; };
		2E4335471DA0B78E00EDCA5A /* DataManager.cpp in Sources */ = {isa = PBXBuildFile; fileRef = 2E4335251DA0B78E00EDCA5A /* DataManager.cpp */; };
		2E4335481DA0B78E00EDCA5A /* HeroManager.cpp in Sources */ = {isa = PBXBuildFile; fileRef = 2E4335281DA0B78E00EDCA5A /* HeroManager.cpp */; };
		2E4335491DA0B78E00EDCA5A /* MainLayer.cpp in Sources */ = {isa = PBXBuildFile; fileRef = 2E43352C1DA0B78E00EDCA5A /* MainLayer.cpp */; };
		2E43354A1DA0B78E00EDCA5A /* OperatePanel.cpp in Sources */ = {isa = PBXBuildFile; fileRef = 2E43352E1DA0B78E00EDCA5A /* OperatePanel.cpp */; };
		2E43354B1DA0B78E00EDCA5A /* ArrowMan.cpp in Sources */ = {isa = PBXBuildFile; fileRef = 2E4335321DA0B78E00EDCA5A /* ArrowMan.cpp */; };
		2E43354C1DA0B78E00EDCA5A /* Farmer.cpp in Sources */ = {isa = PBXBuildFile; fileRef = 2E4335341DA0B78E00EDCA5A /* Farmer.cpp */; };
		2E43354D1DA0B78E00EDCA5A /* HeroEnety.cpp in Sources */ = {isa = PBXBuildFile; fileRef = 2E4335361DA0B78E00EDCA5A /* HeroEnety.cpp */; };
		2E43354E1DA0B78E00EDCA5A /* Missionary.cpp in Sources */ = {isa = PBXBuildFile; fileRef = 2E4335381DA0B78E00EDCA5A /* Missionary.cpp */; };
		2E43354F1DA0B78E00EDCA5A /* SwordsMan.cpp in Sources */ = {isa = PBXBuildFile; fileRef = 2E43353A1DA0B78E00EDCA5A /* SwordsMan.cpp */; };
		2E4335501DA0B78E00EDCA5A /* Player.cpp in Sources */ = {isa = PBXBuildFile; fileRef = 2E43353D1DA0B78E00EDCA5A /* Player.cpp */; };
		2E4335511DA0B78E00EDCA5A /* SoliderIcon.cpp in Sources */ = {isa = PBXBuildFile; fileRef = 2E4335401DA0B78E00EDCA5A /* SoliderIcon.cpp */; };
		2E4335521DA0B78E00EDCA5A /* SoliderIconPanel.cpp in Sources */ = {isa = PBXBuildFile; fileRef = 2E4335421DA0B78E00EDCA5A /* SoliderIconPanel.cpp */; };
		2E43355B1DA0B7BF00EDCA5A /* MsgManager.cpp in Sources */ = {isa = PBXBuildFile; fileRef = 2E4335541DA0B7BF00EDCA5A /* MsgManager.cpp */; };
		2E43355C1DA0B7C000EDCA5A /* JsonUtils.cpp in Sources */ = {isa = PBXBuildFile; fileRef = 2E4335571DA0B7BF00EDCA5A /* JsonUtils.cpp */; };
		2E43355D1DA0B7C000EDCA5A /* Utils.cpp in Sources */ = {isa = PBXBuildFile; fileRef = 2E4335591DA0B7BF00EDCA5A /* Utils.cpp */; };
		2E4335B11DA0C2AB00EDCA5A /* bg.jpg in Resources */ = {isa = PBXBuildFile; fileRef = 2E43355F1DA0C2AB00EDCA5A /* bg.jpg */; };
		2E4335B21DA0C2AB00EDCA5A /* Fractions.json in Resources */ = {isa = PBXBuildFile; fileRef = 2E4335611DA0C2AB00EDCA5A /* Fractions.json */; };
		2E4335B31DA0C2AB00EDCA5A /* Roads.json in Resources */ = {isa = PBXBuildFile; fileRef = 2E4335621DA0C2AB00EDCA5A /* Roads.json */; };
		2E4335B41DA0C2AB00EDCA5A /* Skill.json in Resources */ = {isa = PBXBuildFile; fileRef = 2E4335631DA0C2AB00EDCA5A /* Skill.json */; };
		2E4335B51DA0C2AB00EDCA5A /* Soldiers.json in Resources */ = {isa = PBXBuildFile; fileRef = 2E4335641DA0C2AB00EDCA5A /* Soldiers.json */; };
		2E4335B61DA0C2AB00EDCA5A /* huoqiu_1.png in Resources */ = {isa = PBXBuildFile; fileRef = 2E4335661DA0C2AB00EDCA5A /* huoqiu_1.png */; };
		2E4335B71DA0C2AB00EDCA5A /* light_1.jpg in Resources */ = {isa = PBXBuildFile; fileRef = 2E4335671DA0C2AB00EDCA5A /* light_1.jpg */; };
		2E4335B81DA0C2AB00EDCA5A /* light_2.jpg in Resources */ = {isa = PBXBuildFile; fileRef = 2E4335681DA0C2AB00EDCA5A /* light_2.jpg */; };
		2E4335B91DA0C2AB00EDCA5A /* sd3.png in Resources */ = {isa = PBXBuildFile; fileRef = 2E4335691DA0C2AB00EDCA5A /* sd3.png */; };
		2E4335BA1DA0C2AB00EDCA5A /* farmer.png in Resources */ = {isa = PBXBuildFile; fileRef = 2E43356B1DA0C2AB00EDCA5A /* farmer.png */; };
		2E4335BB1DA0C2AB00EDCA5A /* fireball_soldier.png in Resources */ = {isa = PBXBuildFile; fileRef = 2E43356C1DA0C2AB00EDCA5A /* fireball_soldier.png */; };
		2E4335BC1DA0C2AB00EDCA5A /* HeroA.plist in Resources */ = {isa = PBXBuildFile; fileRef = 2E43356D1DA0C2AB00EDCA5A /* HeroA.plist */; };
		2E4335BD1DA0C2AB00EDCA5A /* HeroA.png in Resources */ = {isa = PBXBuildFile; fileRef = 2E43356E1DA0C2AB00EDCA5A /* HeroA.png */; };
		2E4335BE1DA0C2AB00EDCA5A /* HeroB.plist in Resources */ = {isa = PBXBuildFile; fileRef = 2E43356F1DA0C2AB00EDCA5A /* HeroB.plist */; };
		2E4335BF1DA0C2AB00EDCA5A /* HeroB.png in Resources */ = {isa = PBXBuildFile; fileRef = 2E4335701DA0C2AB00EDCA5A /* HeroB.png */; };
		2E4335C01DA0C2AB00EDCA5A /* heroB.tps in Resources */ = {isa = PBXBuildFile; fileRef = 2E4335711DA0C2AB00EDCA5A /* heroB.tps */; };
		2E4335C11DA0C2AB00EDCA5A /* HeroC.plist in Resources */ = {isa = PBXBuildFile; fileRef = 2E4335721DA0C2AB00EDCA5A /* HeroC.plist */; };
		2E4335C21DA0C2AB00EDCA5A /* HeroC.png in Resources */ = {isa = PBXBuildFile; fileRef = 2E4335731DA0C2AB00EDCA5A /* HeroC.png */; };
		2E4335C31DA0C2AB00EDCA5A /* heroC.tps in Resources */ = {isa = PBXBuildFile; fileRef = 2E4335741DA0C2AB00EDCA5A /* heroC.tps */; };
		2E4335C41DA0C2AB00EDCA5A /* HeroD.plist in Resources */ = {isa = PBXBuildFile; fileRef = 2E4335751DA0C2AB00EDCA5A /* HeroD.plist */; };
		2E4335C51DA0C2AB00EDCA5A /* HeroD.png in Resources */ = {isa = PBXBuildFile; fileRef = 2E4335761DA0C2AB00EDCA5A /* HeroD.png */; };
		2E4335C61DA0C2AB00EDCA5A /* heroD.tps in Resources */ = {isa = PBXBuildFile; fileRef = 2E4335771DA0C2AB00EDCA5A /* heroD.tps */; };
		2E4335C71DA0C2AB00EDCA5A /* missionary.png in Resources */ = {isa = PBXBuildFile; fileRef = 2E4335781DA0C2AB00EDCA5A /* missionary.png */; };
		2E4335C81DA0C2AB00EDCA5A /* private_soldier.png in Resources */ = {isa = PBXBuildFile; fileRef = 2E4335791DA0C2AB00EDCA5A /* private_soldier.png */; };
		2E4335C91DA0C2AB00EDCA5A /* shibing_attack_00.png in Resources */ = {isa = PBXBuildFile; fileRef = 2E43357B1DA0C2AB00EDCA5A /* shibing_attack_00.png */; };
		2E4335CA1DA0C2AB00EDCA5A /* shibing_attack_01.png in Resources */ = {isa = PBXBuildFile; fileRef = 2E43357C1DA0C2AB00EDCA5A /* shibing_attack_01.png */; };
		2E4335CB1DA0C2AB00EDCA5A /* shibing_attack_02.png in Resources */ = {isa = PBXBuildFile; fileRef = 2E43357D1DA0C2AB00EDCA5A /* shibing_attack_02.png */; };
		2E4335CC1DA0C2AB00EDCA5A /* shibing_attack_03.png in Resources */ = {isa = PBXBuildFile; fileRef = 2E43357E1DA0C2AB00EDCA5A /* shibing_attack_03.png */; };
		2E4335CD1DA0C2AB00EDCA5A /* shibing_attack_04.png in Resources */ = {isa = PBXBuildFile; fileRef = 2E43357F1DA0C2AB00EDCA5A /* shibing_attack_04.png */; };
		2E4335CE1DA0C2AB00EDCA5A /* shibing_attack_05.png in Resources */ = {isa = PBXBuildFile; fileRef = 2E4335801DA0C2AB00EDCA5A /* shibing_attack_05.png */; };
		2E4335CF1DA0C2AB00EDCA5A /* shibing_attack_06.png in Resources */ = {isa = PBXBuildFile; fileRef = 2E4335811DA0C2AB00EDCA5A /* shibing_attack_06.png */; };
		2E4335D01DA0C2AB00EDCA5A /* shibing_attack_07.png in Resources */ = {isa = PBXBuildFile; fileRef = 2E4335821DA0C2AB00EDCA5A /* shibing_attack_07.png */; };
		2E4335D11DA0C2AB00EDCA5A /* shibing_attack_08.png in Resources */ = {isa = PBXBuildFile; fileRef = 2E4335831DA0C2AB00EDCA5A /* shibing_attack_08.png */; };
		2E4335D21DA0C2AB00EDCA5A /* shibing_attack_09.png in Resources */ = {isa = PBXBuildFile; fileRef = 2E4335841DA0C2AB00EDCA5A /* shibing_attack_09.png */; };
		2E4335D31DA0C2AB00EDCA5A /* shibing_attack_10.png in Resources */ = {isa = PBXBuildFile; fileRef = 2E4335851DA0C2AB00EDCA5A /* shibing_attack_10.png */; };
		2E4335D41DA0C2AB00EDCA5A /* shibing_attack_11.png in Resources */ = {isa = PBXBuildFile; fileRef = 2E4335861DA0C2AB00EDCA5A /* shibing_attack_11.png */; };
		2E4335D51DA0C2AB00EDCA5A /* shibing_attack_12.png in Resources */ = {isa = PBXBuildFile; fileRef = 2E4335871DA0C2AB00EDCA5A /* shibing_attack_12.png */; };
		2E4335D61DA0C2AB00EDCA5A /* shibing_attack_13.png in Resources */ = {isa = PBXBuildFile; fileRef = 2E4335881DA0C2AB00EDCA5A /* shibing_attack_13.png */; };
		2E4335D71DA0C2AB00EDCA5A /* shibing_attack_14.png in Resources */ = {isa = PBXBuildFile; fileRef = 2E4335891DA0C2AB00EDCA5A /* shibing_attack_14.png */; };
		2E4335D81DA0C2AB00EDCA5A /* shibing_attack_15.png in Resources */ = {isa = PBXBuildFile; fileRef = 2E43358A1DA0C2AB00EDCA5A /* shibing_attack_15.png */; };
		2E4335D91DA0C2AB00EDCA5A /* shibing_attack_16.png in Resources */ = {isa = PBXBuildFile; fileRef = 2E43358B1DA0C2AB00EDCA5A /* shibing_attack_16.png */; };
		2E4335DA1DA0C2AB00EDCA5A /* shibing_attack_17.png in Resources */ = {isa = PBXBuildFile; fileRef = 2E43358C1DA0C2AB00EDCA5A /* shibing_attack_17.png */; };
		2E4335DB1DA0C2AB00EDCA5A /* shibing_attack_18.png in Resources */ = {isa = PBXBuildFile; fileRef = 2E43358D1DA0C2AB00EDCA5A /* shibing_attack_18.png */; };
		2E4335DC1DA0C2AB00EDCA5A /* shibing_attack_19.png in Resources */ = {isa = PBXBuildFile; fileRef = 2E43358E1DA0C2AB00EDCA5A /* shibing_attack_19.png */; };
		2E4335DD1DA0C2AB00EDCA5A /* shibing_attack_20.png in Resources */ = {isa = PBXBuildFile; fileRef = 2E43358F1DA0C2AB00EDCA5A /* shibing_attack_20.png */; };
		2E4335DE1DA0C2AB00EDCA5A /* shibing_attack_21.png in Resources */ = {isa = PBXBuildFile; fileRef = 2E4335901DA0C2AB00EDCA5A /* shibing_attack_21.png */; };
		2E4335DF1DA0C2AB00EDCA5A /* shibing_attack_22.png in Resources */ = {isa = PBXBuildFile; fileRef = 2E4335911DA0C2AB00EDCA5A /* shibing_attack_22.png */; };
		2E4335E01DA0C2AB00EDCA5A /* shibing_attack_23.png in Resources */ = {isa = PBXBuildFile; fileRef = 2E4335921DA0C2AB00EDCA5A /* shibing_attack_23.png */; };
		2E4335E11DA0C2AB00EDCA5A /* shibing_attack_24.png in Resources */ = {isa = PBXBuildFile; fileRef = 2E4335931DA0C2AB00EDCA5A /* shibing_attack_24.png */; };
		2E4335E21DA0C2AB00EDCA5A /* walk_00.png in Resources */ = {isa = PBXBuildFile; fileRef = 2E4335951DA0C2AB00EDCA5A /* walk_00.png */; };
		2E4335E31DA0C2AB00EDCA5A /* walk_01.png in Resources */ = {isa = PBXBuildFile; fileRef = 2E4335961DA0C2AB00EDCA5A /* walk_01.png */; };
		2E4335E41DA0C2AB00EDCA5A /* walk_02.png in Resources */ = {isa = PBXBuildFile; fileRef = 2E4335971DA0C2AB00EDCA5A /* walk_02.png */; };
		2E4335E51DA0C2AB00EDCA5A /* walk_03.png in Resources */ = {isa = PBXBuildFile; fileRef = 2E4335981DA0C2AB00EDCA5A /* walk_03.png */; };
		2E4335E61DA0C2AB00EDCA5A /* walk_04.png in Resources */ = {isa = PBXBuildFile; fileRef = 2E4335991DA0C2AB00EDCA5A /* walk_04.png */; };
		2E4335E71DA0C2AB00EDCA5A /* walk_05.png in Resources */ = {isa = PBXBuildFile; fileRef = 2E43359A1DA0C2AB00EDCA5A /* walk_05.png */; };
		2E4335E81DA0C2AB00EDCA5A /* walk_06.png in Resources */ = {isa = PBXBuildFile; fileRef = 2E43359B1DA0C2AB00EDCA5A /* walk_06.png */; };
		2E4335E91DA0C2AB00EDCA5A /* walk_07.png in Resources */ = {isa = PBXBuildFile; fileRef = 2E43359C1DA0C2AB00EDCA5A /* walk_07.png */; };
		2E4335EA1DA0C2AB00EDCA5A /* walk_08.png in Resources */ = {isa = PBXBuildFile; fileRef = 2E43359D1DA0C2AB00EDCA5A /* walk_08.png */; };
		2E4335EB1DA0C2AB00EDCA5A /* walk_09.png in Resources */ = {isa = PBXBuildFile; fileRef = 2E43359E1DA0C2AB00EDCA5A /* walk_09.png */; };
		2E4335EC1DA0C2AB00EDCA5A /* walk_10.png in Resources */ = {isa = PBXBuildFile; fileRef = 2E43359F1DA0C2AB00EDCA5A /* walk_10.png */; };
		2E4335ED1DA0C2AB00EDCA5A /* walk_11.png in Resources */ = {isa = PBXBuildFile; fileRef = 2E4335A01DA0C2AB00EDCA5A /* walk_11.png */; };
		2E4335EE1DA0C2AB00EDCA5A /* walk_00.png in Resources */ = {isa = PBXBuildFile; fileRef = 2E4335A11DA0C2AB00EDCA5A /* walk_00.png */; };
		2E4335EF1DA0C2AB00EDCA5A /* BGM.ogg in Resources */ = {isa = PBXBuildFile; fileRef = 2E4335A31DA0C2AB00EDCA5A /* BGM.ogg */; };
		2E4335F01DA0C2AB00EDCA5A /* altar_left.png in Resources */ = {isa = PBXBuildFile; fileRef = 2E4335A51DA0C2AB00EDCA5A /* altar_left.png */; };
		2E4335F11DA0C2AB00EDCA5A /* altar_right.png in Resources */ = {isa = PBXBuildFile; fileRef = 2E4335A61DA0C2AB00EDCA5A /* altar_right.png */; };
		2E4335F21DA0C2AB00EDCA5A /* buy_fireball_solider.png in Resources */ = {isa = PBXBuildFile; fileRef = 2E4335A71DA0C2AB00EDCA5A /* buy_fireball_solider.png */; };
		2E4335F31DA0C2AB00EDCA5A /* buy_missionary.png in Resources */ = {isa = PBXBuildFile; fileRef = 2E4335A81DA0C2AB00EDCA5A /* buy_missionary.png */; };
		2E4335F41DA0C2AB00EDCA5A /* buy_private_solider.png in Resources */ = {isa = PBXBuildFile; fileRef = 2E4335A91DA0C2AB00EDCA5A /* buy_private_solider.png */; };
		2E4335F51DA0C2AB00EDCA5A /* CloseNormal.png in Resources */ = {isa = PBXBuildFile; fileRef = 2E4335AA1DA0C2AB00EDCA5A /* CloseNormal.png */; };
		2E4335F61DA0C2AB00EDCA5A /* CloseSelected.png in Resources */ = {isa = PBXBuildFile; fileRef = 2E4335AB1DA0C2AB00EDCA5A /* CloseSelected.png */; };
		2E4335F71DA0C2AB00EDCA5A /* common_progress_base.png in Resources */ = {isa = PBXBuildFile; fileRef = 2E4335AC1DA0C2AB00EDCA5A /* common_progress_base.png */; };
		2E4335F81DA0C2AB00EDCA5A /* mine_left.png in Resources */ = {isa = PBXBuildFile; fileRef = 2E4335AD1DA0C2AB00EDCA5A /* mine_left.png */; };
		2E4335F91DA0C2AB00EDCA5A /* mine_mid.png in Resources */ = {isa = PBXBuildFile; fileRef = 2E4335AE1DA0C2AB00EDCA5A /* mine_mid.png */; };
		2E4335FA1DA0C2AB00EDCA5A /* mine_right.png in Resources */ = {isa = PBXBuildFile; fileRef = 2E4335AF1DA0C2AB00EDCA5A /* mine_right.png */; };
		2E4335FB1DA0C2AB00EDCA5A /* skill_button.png in Resources */ = {isa = PBXBuildFile; fileRef = 2E4335B01DA0C2AB00EDCA5A /* skill_button.png */; };
		2E9D89C31D9775CE00F978BB /* fonts in Resources */ = {isa = PBXBuildFile; fileRef = 2E9D89941D9775CE00F978BB /* fonts */; };
		2E9D89C51D9775CE00F978BB /* HelloWorld.png in Resources */ = {isa = PBXBuildFile; fileRef = 2E9D89961D9775CE00F978BB /* HelloWorld.png */; };
		2E9D89C61D9775CE00F978BB /* hero.tps in Resources */ = {isa = PBXBuildFile; fileRef = 2E9D89971D9775CE00F978BB /* hero.tps */; };
		2E9D89D31D9775CE00F978BB /* Icon-72.png in Resources */ = {isa = PBXBuildFile; fileRef = 2E9D89A41D9775CE00F978BB /* Icon-72.png */; };
		2E9D89DA1D9775CE00F978BB /* msyh.ttf in Resources */ = {isa = PBXBuildFile; fileRef = 2E9D89AB1D9775CE00F978BB /* msyh.ttf */; };
		2E9D89DC1D9775CE00F978BB /* progress.png in Resources */ = {isa = PBXBuildFile; fileRef = 2E9D89AD1D9775CE00F978BB /* progress.png */; };
		2E9D89DD1D9775CE00F978BB /* res in Resources */ = {isa = PBXBuildFile; fileRef = 2E9D89AE1D9775CE00F978BB /* res */; };
		46880B8819C43A87006E1F66 /* AppDelegate.cpp in Sources */ = {isa = PBXBuildFile; fileRef = 46880B8419C43A87006E1F66 /* AppDelegate.cpp */; };
		46880B8919C43A87006E1F66 /* AppDelegate.cpp in Sources */ = {isa = PBXBuildFile; fileRef = 46880B8419C43A87006E1F66 /* AppDelegate.cpp */; };
		46880B8A19C43A87006E1F66 /* HelloWorldScene.cpp in Sources */ = {isa = PBXBuildFile; fileRef = 46880B8619C43A87006E1F66 /* HelloWorldScene.cpp */; };
		46880B8B19C43A87006E1F66 /* HelloWorldScene.cpp in Sources */ = {isa = PBXBuildFile; fileRef = 46880B8619C43A87006E1F66 /* HelloWorldScene.cpp */; };
		503AE0F817EB97AB00D1A890 /* Icon.icns in Resources */ = {isa = PBXBuildFile; fileRef = 503AE0F617EB97AB00D1A890 /* Icon.icns */; };
		503AE10017EB989F00D1A890 /* AppController.mm in Sources */ = {isa = PBXBuildFile; fileRef = 503AE0FB17EB989F00D1A890 /* AppController.mm */; };
		503AE10117EB989F00D1A890 /* main.m in Sources */ = {isa = PBXBuildFile; fileRef = 503AE0FC17EB989F00D1A890 /* main.m */; };
		503AE10217EB989F00D1A890 /* RootViewController.mm in Sources */ = {isa = PBXBuildFile; fileRef = 503AE0FF17EB989F00D1A890 /* RootViewController.mm */; };
		503AE10517EB98FF00D1A890 /* main.cpp in Sources */ = {isa = PBXBuildFile; fileRef = 503AE10317EB98FF00D1A890 /* main.cpp */; };
		503AE11B17EB9C5A00D1A890 /* IOKit.framework in Frameworks */ = {isa = PBXBuildFile; fileRef = 503AE11A17EB9C5A00D1A890 /* IOKit.framework */; };
		5087E76317EB910900C73F5D /* Foundation.framework in Frameworks */ = {isa = PBXBuildFile; fileRef = 1D30AB110D05D00D00671497 /* Foundation.framework */; };
		5087E76717EB910900C73F5D /* libz.dylib in Frameworks */ = {isa = PBXBuildFile; fileRef = BF170DB412928DE900B8313A /* libz.dylib */; };
		5087E76817EB910900C73F5D /* QuartzCore.framework in Frameworks */ = {isa = PBXBuildFile; fileRef = BF1C47EA1293683800B63C5D /* QuartzCore.framework */; };
		5087E76917EB910900C73F5D /* OpenAL.framework in Frameworks */ = {isa = PBXBuildFile; fileRef = D44C620B132DFF330009C878 /* OpenAL.framework */; };
		5087E76A17EB910900C73F5D /* AVFoundation.framework in Frameworks */ = {isa = PBXBuildFile; fileRef = D44C620D132DFF430009C878 /* AVFoundation.framework */; };
		5087E76B17EB910900C73F5D /* AudioToolbox.framework in Frameworks */ = {isa = PBXBuildFile; fileRef = D44C620F132DFF4E0009C878 /* AudioToolbox.framework */; };
		5087E77D17EB970100C73F5D /* Default-568h@2x.png in Resources */ = {isa = PBXBuildFile; fileRef = 5087E77217EB970100C73F5D /* Default-568h@2x.png */; };
		5087E77E17EB970100C73F5D /* Default.png in Resources */ = {isa = PBXBuildFile; fileRef = 5087E77317EB970100C73F5D /* Default.png */; };
		5087E77F17EB970100C73F5D /* Default@2x.png in Resources */ = {isa = PBXBuildFile; fileRef = 5087E77417EB970100C73F5D /* Default@2x.png */; };
		5087E78017EB970100C73F5D /* Icon-114.png in Resources */ = {isa = PBXBuildFile; fileRef = 5087E77517EB970100C73F5D /* Icon-114.png */; };
		5087E78117EB970100C73F5D /* Icon-120.png in Resources */ = {isa = PBXBuildFile; fileRef = 5087E77617EB970100C73F5D /* Icon-120.png */; };
		5087E78217EB970100C73F5D /* Icon-144.png in Resources */ = {isa = PBXBuildFile; fileRef = 5087E77717EB970100C73F5D /* Icon-144.png */; };
		5087E78317EB970100C73F5D /* Icon-152.png in Resources */ = {isa = PBXBuildFile; fileRef = 5087E77817EB970100C73F5D /* Icon-152.png */; };
		5087E78417EB970100C73F5D /* Icon-57.png in Resources */ = {isa = PBXBuildFile; fileRef = 5087E77917EB970100C73F5D /* Icon-57.png */; };
		5087E78517EB970100C73F5D /* Icon-72.png in Resources */ = {isa = PBXBuildFile; fileRef = 5087E77A17EB970100C73F5D /* Icon-72.png */; };
		5087E78617EB970100C73F5D /* Icon-76.png in Resources */ = {isa = PBXBuildFile; fileRef = 5087E77B17EB970100C73F5D /* Icon-76.png */; };
		5087E78917EB974C00C73F5D /* AppKit.framework in Frameworks */ = {isa = PBXBuildFile; fileRef = 5087E78817EB974C00C73F5D /* AppKit.framework */; };
		5087E78B17EB975400C73F5D /* OpenGL.framework in Frameworks */ = {isa = PBXBuildFile; fileRef = 5087E78A17EB975400C73F5D /* OpenGL.framework */; };
		50EF629617ECD46A001EB2F8 /* Icon-40.png in Resources */ = {isa = PBXBuildFile; fileRef = 50EF629217ECD46A001EB2F8 /* Icon-40.png */; };
		50EF629717ECD46A001EB2F8 /* Icon-58.png in Resources */ = {isa = PBXBuildFile; fileRef = 50EF629317ECD46A001EB2F8 /* Icon-58.png */; };
		50EF629817ECD46A001EB2F8 /* Icon-80.png in Resources */ = {isa = PBXBuildFile; fileRef = 50EF629417ECD46A001EB2F8 /* Icon-80.png */; };
		50EF629917ECD46A001EB2F8 /* Icon-100.png in Resources */ = {isa = PBXBuildFile; fileRef = 50EF629517ECD46A001EB2F8 /* Icon-100.png */; };
		50EF62A217ECD613001EB2F8 /* Icon-29.png in Resources */ = {isa = PBXBuildFile; fileRef = 50EF62A017ECD613001EB2F8 /* Icon-29.png */; };
		50EF62A317ECD613001EB2F8 /* Icon-50.png in Resources */ = {isa = PBXBuildFile; fileRef = 50EF62A117ECD613001EB2F8 /* Icon-50.png */; };
		521A8E6419F0C34300D177D7 /* Default-667h@2x.png in Resources */ = {isa = PBXBuildFile; fileRef = 521A8E6219F0C34300D177D7 /* Default-667h@2x.png */; };
		521A8E6519F0C34300D177D7 /* Default-736h@3x.png in Resources */ = {isa = PBXBuildFile; fileRef = 521A8E6319F0C34300D177D7 /* Default-736h@3x.png */; };
		52B47A471A53D09C004E4C60 /* Security.framework in Frameworks */ = {isa = PBXBuildFile; fileRef = 52B47A461A53D09B004E4C60 /* Security.framework */; };
		8262943E1AAF051F00CB7CF7 /* Security.framework in Frameworks */ = {isa = PBXBuildFile; fileRef = 8262943D1AAF051F00CB7CF7 /* Security.framework */; };
		BF171245129291EC00B8313A /* OpenGLES.framework in Frameworks */ = {isa = PBXBuildFile; fileRef = BF170DB012928DE900B8313A /* OpenGLES.framework */; };
		BF1712471292920000B8313A /* libz.dylib in Frameworks */ = {isa = PBXBuildFile; fileRef = BF170DB412928DE900B8313A /* libz.dylib */; };
		BF1C47F01293687400B63C5D /* QuartzCore.framework in Frameworks */ = {isa = PBXBuildFile; fileRef = BF1C47EA1293683800B63C5D /* QuartzCore.framework */; };
		D44C620C132DFF330009C878 /* OpenAL.framework in Frameworks */ = {isa = PBXBuildFile; fileRef = D44C620B132DFF330009C878 /* OpenAL.framework */; };
		D44C620E132DFF430009C878 /* AVFoundation.framework in Frameworks */ = {isa = PBXBuildFile; fileRef = D44C620D132DFF430009C878 /* AVFoundation.framework */; };
		D44C6210132DFF4E0009C878 /* AudioToolbox.framework in Frameworks */ = {isa = PBXBuildFile; fileRef = D44C620F132DFF4E0009C878 /* AudioToolbox.framework */; };
		D6B0611B1803AB670077942B /* CoreMotion.framework in Frameworks */ = {isa = PBXBuildFile; fileRef = D6B0611A1803AB670077942B /* CoreMotion.framework */; };
		ED545A7C1B68A1F400C3958E /* libiconv.dylib in Frameworks */ = {isa = PBXBuildFile; fileRef = ED545A7B1B68A1F400C3958E /* libiconv.dylib */; };
		ED545A7E1B68A1FA00C3958E /* libiconv.dylib in Frameworks */ = {isa = PBXBuildFile; fileRef = ED545A7D1B68A1FA00C3958E /* libiconv.dylib */; };
/* End PBXBuildFile section */

/* Begin PBXContainerItemProxy section */
		1AC6FAF8180E9839004C840B /* PBXContainerItemProxy */ = {
			isa = PBXContainerItemProxy;
			containerPortal = 1AC6FAE5180E9839004C840B /* cocos2d_libs.xcodeproj */;
			proxyType = 2;
			remoteGlobalIDString = 1551A33F158F2AB200E66CFE;
			remoteInfo = "cocos2dx Mac";
		};
		1AC6FB06180E9839004C840B /* PBXContainerItemProxy */ = {
			isa = PBXContainerItemProxy;
			containerPortal = 1AC6FAE5180E9839004C840B /* cocos2d_libs.xcodeproj */;
			proxyType = 2;
			remoteGlobalIDString = A07A4D641783777C0073F6A7;
			remoteInfo = "cocos2dx iOS";
		};
		1AC6FB15180E9959004C840B /* PBXContainerItemProxy */ = {
			isa = PBXContainerItemProxy;
			containerPortal = 1AC6FAE5180E9839004C840B /* cocos2d_libs.xcodeproj */;
			proxyType = 1;
			remoteGlobalIDString = 1551A33E158F2AB200E66CFE;
			remoteInfo = "cocos2dx Mac";
		};
		1AC6FB24180E99E1004C840B /* PBXContainerItemProxy */ = {
			isa = PBXContainerItemProxy;
			containerPortal = 1AC6FAE5180E9839004C840B /* cocos2d_libs.xcodeproj */;
			proxyType = 1;
			remoteGlobalIDString = A07A4C241783777C0073F6A7;
			remoteInfo = "cocos2dx iOS";
		};
/* End PBXContainerItemProxy section */

/* Begin PBXFileReference section */
		1AC6FAE5180E9839004C840B /* cocos2d_libs.xcodeproj */ = {isa = PBXFileReference; lastKnownFileType = "wrapper.pb-project"; name = cocos2d_libs.xcodeproj; path = ../cocos2d/build/cocos2d_libs.xcodeproj; sourceTree = "<group>"; };
		1ACB3243164770DE00914215 /* libcurl.a */ = {isa = PBXFileReference; lastKnownFileType = archive.ar; name = libcurl.a; path = ../../cocos2dx/platform/third_party/ios/libraries/libcurl.a; sourceTree = "<group>"; };
		1D30AB110D05D00D00671497 /* Foundation.framework */ = {isa = PBXFileReference; lastKnownFileType = wrapper.framework; name = Foundation.framework; path = System/Library/Frameworks/Foundation.framework; sourceTree = SDKROOT; };
		1D6058910D05DD3D006BFB54 /* MadGoD-mobile.app */ = {isa = PBXFileReference; explicitFileType = wrapper.application; includeInIndex = 0; path = "MadGoD-mobile.app"; sourceTree = BUILT_PRODUCTS_DIR; };
		1DF5F4DF0D08C38300B7A737 /* UIKit.framework */ = {isa = PBXFileReference; lastKnownFileType = wrapper.framework; name = UIKit.framework; path = System/Library/Frameworks/UIKit.framework; sourceTree = SDKROOT; };
		288765A40DF7441C002DB57D /* CoreGraphics.framework */ = {isa = PBXFileReference; lastKnownFileType = wrapper.framework; name = CoreGraphics.framework; path = System/Library/Frameworks/CoreGraphics.framework; sourceTree = SDKROOT; };
		2E43351B1DA0B78E00EDCA5A /* GlobalDefine.h */ = {isa = PBXFileReference; fileEncoding = 4; lastKnownFileType = sourcecode.c.h; path = GlobalDefine.h; sourceTree = "<group>"; };
		2E4335251DA0B78E00EDCA5A /* DataManager.cpp */ = {isa = PBXFileReference; fileEncoding = 4; lastKnownFileType = sourcecode.cpp.cpp; path = DataManager.cpp; sourceTree = "<group>"; };
		2E4335261DA0B78E00EDCA5A /* DataManager.hpp */ = {isa = PBXFileReference; fileEncoding = 4; lastKnownFileType = sourcecode.cpp.h; path = DataManager.hpp; sourceTree = "<group>"; };
		2E4335281DA0B78E00EDCA5A /* HeroManager.cpp */ = {isa = PBXFileReference; fileEncoding = 4; lastKnownFileType = sourcecode.cpp.cpp; path = HeroManager.cpp; sourceTree = "<group>"; };
		2E4335291DA0B78E00EDCA5A /* HeroManager.h */ = {isa = PBXFileReference; fileEncoding = 4; lastKnownFileType = sourcecode.c.h; path = HeroManager.h; sourceTree = "<group>"; };
		2E43352C1DA0B78E00EDCA5A /* MainLayer.cpp */ = {isa = PBXFileReference; fileEncoding = 4; lastKnownFileType = sourcecode.cpp.cpp; path = MainLayer.cpp; sourceTree = "<group>"; };
		2E43352D1DA0B78E00EDCA5A /* MainLayer.hpp */ = {isa = PBXFileReference; fileEncoding = 4; lastKnownFileType = sourcecode.cpp.h; path = MainLayer.hpp; sourceTree = "<group>"; };
		2E43352E1DA0B78E00EDCA5A /* OperatePanel.cpp */ = {isa = PBXFileReference; fileEncoding = 4; lastKnownFileType = sourcecode.cpp.cpp; path = OperatePanel.cpp; sourceTree = "<group>"; };
		2E43352F1DA0B78E00EDCA5A /* OperatePanel.hpp */ = {isa = PBXFileReference; fileEncoding = 4; lastKnownFileType = sourcecode.cpp.h; path = OperatePanel.hpp; sourceTree = "<group>"; };
		2E4335321DA0B78E00EDCA5A /* ArrowMan.cpp */ = {isa = PBXFileReference; fileEncoding = 4; lastKnownFileType = sourcecode.cpp.cpp; path = ArrowMan.cpp; sourceTree = "<group>"; };
		2E4335331DA0B78E00EDCA5A /* ArrowMan.h */ = {isa = PBXFileReference; fileEncoding = 4; lastKnownFileType = sourcecode.c.h; path = ArrowMan.h; sourceTree = "<group>"; };
		2E4335341DA0B78E00EDCA5A /* Farmer.cpp */ = {isa = PBXFileReference; fileEncoding = 4; lastKnownFileType = sourcecode.cpp.cpp; path = Farmer.cpp; sourceTree = "<group>"; };
		2E4335351DA0B78E00EDCA5A /* Farmer.hpp */ = {isa = PBXFileReference; fileEncoding = 4; lastKnownFileType = sourcecode.cpp.h; path = Farmer.hpp; sourceTree = "<group>"; };
		2E4335361DA0B78E00EDCA5A /* HeroEnety.cpp */ = {isa = PBXFileReference; fileEncoding = 4; lastKnownFileType = sourcecode.cpp.cpp; path = HeroEnety.cpp; sourceTree = "<group>"; };
		2E4335371DA0B78E00EDCA5A /* HeroEnety.h */ = {isa = PBXFileReference; fileEncoding = 4; lastKnownFileType = sourcecode.c.h; path = HeroEnety.h; sourceTree = "<group>"; };
		2E4335381DA0B78E00EDCA5A /* Missionary.cpp */ = {isa = PBXFileReference; fileEncoding = 4; lastKnownFileType = sourcecode.cpp.cpp; path = Missionary.cpp; sourceTree = "<group>"; };
		2E4335391DA0B78E00EDCA5A /* Missionary.hpp */ = {isa = PBXFileReference; fileEncoding = 4; lastKnownFileType = sourcecode.cpp.h; path = Missionary.hpp; sourceTree = "<group>"; };
		2E43353A1DA0B78E00EDCA5A /* SwordsMan.cpp */ = {isa = PBXFileReference; fileEncoding = 4; lastKnownFileType = sourcecode.cpp.cpp; path = SwordsMan.cpp; sourceTree = "<group>"; };
		2E43353B1DA0B78E00EDCA5A /* SwordsMan.h */ = {isa = PBXFileReference; fileEncoding = 4; lastKnownFileType = sourcecode.c.h; path = SwordsMan.h; sourceTree = "<group>"; };
		2E43353D1DA0B78E00EDCA5A /* Player.cpp */ = {isa = PBXFileReference; fileEncoding = 4; lastKnownFileType = sourcecode.cpp.cpp; path = Player.cpp; sourceTree = "<group>"; };
		2E43353E1DA0B78E00EDCA5A /* Player.h */ = {isa = PBXFileReference; fileEncoding = 4; lastKnownFileType = sourcecode.c.h; path = Player.h; sourceTree = "<group>"; };
		2E4335401DA0B78E00EDCA5A /* SoliderIcon.cpp */ = {isa = PBXFileReference; fileEncoding = 4; lastKnownFileType = sourcecode.cpp.cpp; path = SoliderIcon.cpp; sourceTree = "<group>"; };
		2E4335411DA0B78E00EDCA5A /* SoliderIcon.hpp */ = {isa = PBXFileReference; fileEncoding = 4; lastKnownFileType = sourcecode.cpp.h; path = SoliderIcon.hpp; sourceTree = "<group>"; };
		2E4335421DA0B78E00EDCA5A /* SoliderIconPanel.cpp */ = {isa = PBXFileReference; fileEncoding = 4; lastKnownFileType = sourcecode.cpp.cpp; path = SoliderIconPanel.cpp; sourceTree = "<group>"; };
		2E4335431DA0B78E00EDCA5A /* SoliderIconPanel.hpp */ = {isa = PBXFileReference; fileEncoding = 4; lastKnownFileType = sourcecode.cpp.h; path = SoliderIconPanel.hpp; sourceTree = "<group>"; };
		2E4335541DA0B7BF00EDCA5A /* MsgManager.cpp */ = {isa = PBXFileReference; fileEncoding = 4; lastKnownFileType = sourcecode.cpp.cpp; path = MsgManager.cpp; sourceTree = "<group>"; };
		2E4335551DA0B7BF00EDCA5A /* MsgManager.h */ = {isa = PBXFileReference; fileEncoding = 4; lastKnownFileType = sourcecode.c.h; path = MsgManager.h; sourceTree = "<group>"; };
		2E4335571DA0B7BF00EDCA5A /* JsonUtils.cpp */ = {isa = PBXFileReference; fileEncoding = 4; lastKnownFileType = sourcecode.cpp.cpp; path = JsonUtils.cpp; sourceTree = "<group>"; };
		2E4335581DA0B7BF00EDCA5A /* JsonUtils.hpp */ = {isa = PBXFileReference; fileEncoding = 4; lastKnownFileType = sourcecode.cpp.h; path = JsonUtils.hpp; sourceTree = "<group>"; };
		2E4335591DA0B7BF00EDCA5A /* Utils.cpp */ = {isa = PBXFileReference; fileEncoding = 4; lastKnownFileType = sourcecode.cpp.cpp; path = Utils.cpp; sourceTree = "<group>"; };
		2E43355A1DA0B7BF00EDCA5A /* Utils.hpp */ = {isa = PBXFileReference; fileEncoding = 4; lastKnownFileType = sourcecode.cpp.h; path = Utils.hpp; sourceTree = "<group>"; };
		2E43355F1DA0C2AB00EDCA5A /* bg.jpg */ = {isa = PBXFileReference; lastKnownFileType = image.jpeg; path = bg.jpg; sourceTree = "<group>"; };
		2E4335611DA0C2AB00EDCA5A /* Fractions.json */ = {isa = PBXFileReference; fileEncoding = 4; lastKnownFileType = text.json; path = Fractions.json; sourceTree = "<group>"; };
		2E4335621DA0C2AB00EDCA5A /* Roads.json */ = {isa = PBXFileReference; fileEncoding = 4; lastKnownFileType = text.json; path = Roads.json; sourceTree = "<group>"; };
		2E4335631DA0C2AB00EDCA5A /* Skill.json */ = {isa = PBXFileReference; fileEncoding = 4; lastKnownFileType = text.json; path = Skill.json; sourceTree = "<group>"; };
		2E4335641DA0C2AB00EDCA5A /* Soldiers.json */ = {isa = PBXFileReference; fileEncoding = 4; lastKnownFileType = text.json; path = Soldiers.json; sourceTree = "<group>"; };
		2E4335661DA0C2AB00EDCA5A /* huoqiu_1.png */ = {isa = PBXFileReference; lastKnownFileType = image.png; path = huoqiu_1.png; sourceTree = "<group>"; };
		2E4335671DA0C2AB00EDCA5A /* light_1.jpg */ = {isa = PBXFileReference; lastKnownFileType = image.jpeg; path = light_1.jpg; sourceTree = "<group>"; };
		2E4335681DA0C2AB00EDCA5A /* light_2.jpg */ = {isa = PBXFileReference; lastKnownFileType = image.jpeg; path = light_2.jpg; sourceTree = "<group>"; };
		2E4335691DA0C2AB00EDCA5A /* sd3.png */ = {isa = PBXFileReference; lastKnownFileType = image.png; path = sd3.png; sourceTree = "<group>"; };
		2E43356B1DA0C2AB00EDCA5A /* farmer.png */ = {isa = PBXFileReference; lastKnownFileType = image.png; path = farmer.png; sourceTree = "<group>"; };
		2E43356C1DA0C2AB00EDCA5A /* fireball_soldier.png */ = {isa = PBXFileReference; lastKnownFileType = image.png; path = fireball_soldier.png; sourceTree = "<group>"; };
		2E43356D1DA0C2AB00EDCA5A /* HeroA.plist */ = {isa = PBXFileReference; fileEncoding = 4; lastKnownFileType = text.plist.xml; path = HeroA.plist; sourceTree = "<group>"; };
		2E43356E1DA0C2AB00EDCA5A /* HeroA.png */ = {isa = PBXFileReference; lastKnownFileType = image.png; path = HeroA.png; sourceTree = "<group>"; };
		2E43356F1DA0C2AB00EDCA5A /* HeroB.plist */ = {isa = PBXFileReference; fileEncoding = 4; lastKnownFileType = text.plist.xml; path = HeroB.plist; sourceTree = "<group>"; };
		2E4335701DA0C2AB00EDCA5A /* HeroB.png */ = {isa = PBXFileReference; lastKnownFileType = image.png; path = HeroB.png; sourceTree = "<group>"; };
		2E4335711DA0C2AB00EDCA5A /* heroB.tps */ = {isa = PBXFileReference; fileEncoding = 4; lastKnownFileType = text.xml; path = heroB.tps; sourceTree = "<group>"; };
		2E4335721DA0C2AB00EDCA5A /* HeroC.plist */ = {isa = PBXFileReference; fileEncoding = 4; lastKnownFileType = text.plist.xml; path = HeroC.plist; sourceTree = "<group>"; };
		2E4335731DA0C2AB00EDCA5A /* HeroC.png */ = {isa = PBXFileReference; lastKnownFileType = image.png; path = HeroC.png; sourceTree = "<group>"; };
		2E4335741DA0C2AB00EDCA5A /* heroC.tps */ = {isa = PBXFileReference; fileEncoding = 4; lastKnownFileType = text.xml; path = heroC.tps; sourceTree = "<group>"; };
		2E4335751DA0C2AB00EDCA5A /* HeroD.plist */ = {isa = PBXFileReference; fileEncoding = 4; lastKnownFileType = text.plist.xml; path = HeroD.plist; sourceTree = "<group>"; };
		2E4335761DA0C2AB00EDCA5A /* HeroD.png */ = {isa = PBXFileReference; lastKnownFileType = image.png; path = HeroD.png; sourceTree = "<group>"; };
		2E4335771DA0C2AB00EDCA5A /* heroD.tps */ = {isa = PBXFileReference; fileEncoding = 4; lastKnownFileType = text.xml; path = heroD.tps; sourceTree = "<group>"; };
		2E4335781DA0C2AB00EDCA5A /* missionary.png */ = {isa = PBXFileReference; lastKnownFileType = image.png; path = missionary.png; sourceTree = "<group>"; };
		2E4335791DA0C2AB00EDCA5A /* private_soldier.png */ = {isa = PBXFileReference; lastKnownFileType = image.png; path = private_soldier.png; sourceTree = "<group>"; };
		2E43357B1DA0C2AB00EDCA5A /* shibing_attack_00.png */ = {isa = PBXFileReference; lastKnownFileType = image.png; path = shibing_attack_00.png; sourceTree = "<group>"; };
		2E43357C1DA0C2AB00EDCA5A /* shibing_attack_01.png */ = {isa = PBXFileReference; lastKnownFileType = image.png; path = shibing_attack_01.png; sourceTree = "<group>"; };
		2E43357D1DA0C2AB00EDCA5A /* shibing_attack_02.png */ = {isa = PBXFileReference; lastKnownFileType = image.png; path = shibing_attack_02.png; sourceTree = "<group>"; };
		2E43357E1DA0C2AB00EDCA5A /* shibing_attack_03.png */ = {isa = PBXFileReference; lastKnownFileType = image.png; path = shibing_attack_03.png; sourceTree = "<group>"; };
		2E43357F1DA0C2AB00EDCA5A /* shibing_attack_04.png */ = {isa = PBXFileReference; lastKnownFileType = image.png; path = shibing_attack_04.png; sourceTree = "<group>"; };
		2E4335801DA0C2AB00EDCA5A /* shibing_attack_05.png */ = {isa = PBXFileReference; lastKnownFileType = image.png; path = shibing_attack_05.png; sourceTree = "<group>"; };
		2E4335811DA0C2AB00EDCA5A /* shibing_attack_06.png */ = {isa = PBXFileReference; lastKnownFileType = image.png; path = shibing_attack_06.png; sourceTree = "<group>"; };
		2E4335821DA0C2AB00EDCA5A /* shibing_attack_07.png */ = {isa = PBXFileReference; lastKnownFileType = image.png; path = shibing_attack_07.png; sourceTree = "<group>"; };
		2E4335831DA0C2AB00EDCA5A /* shibing_attack_08.png */ = {isa = PBXFileReference; lastKnownFileType = image.png; path = shibing_attack_08.png; sourceTree = "<group>"; };
		2E4335841DA0C2AB00EDCA5A /* shibing_attack_09.png */ = {isa = PBXFileReference; lastKnownFileType = image.png; path = shibing_attack_09.png; sourceTree = "<group>"; };
		2E4335851DA0C2AB00EDCA5A /* shibing_attack_10.png */ = {isa = PBXFileReference; lastKnownFileType = image.png; path = shibing_attack_10.png; sourceTree = "<group>"; };
		2E4335861DA0C2AB00EDCA5A /* shibing_attack_11.png */ = {isa = PBXFileReference; lastKnownFileType = image.png; path = shibing_attack_11.png; sourceTree = "<group>"; };
		2E4335871DA0C2AB00EDCA5A /* shibing_attack_12.png */ = {isa = PBXFileReference; lastKnownFileType = image.png; path = shibing_attack_12.png; sourceTree = "<group>"; };
		2E4335881DA0C2AB00EDCA5A /* shibing_attack_13.png */ = {isa = PBXFileReference; lastKnownFileType = image.png; path = shibing_attack_13.png; sourceTree = "<group>"; };
		2E4335891DA0C2AB00EDCA5A /* shibing_attack_14.png */ = {isa = PBXFileReference; lastKnownFileType = image.png; path = shibing_attack_14.png; sourceTree = "<group>"; };
		2E43358A1DA0C2AB00EDCA5A /* shibing_attack_15.png */ = {isa = PBXFileReference; lastKnownFileType = image.png; path = shibing_attack_15.png; sourceTree = "<group>"; };
		2E43358B1DA0C2AB00EDCA5A /* shibing_attack_16.png */ = {isa = PBXFileReference; lastKnownFileType = image.png; path = shibing_attack_16.png; sourceTree = "<group>"; };
		2E43358C1DA0C2AB00EDCA5A /* shibing_attack_17.png */ = {isa = PBXFileReference; lastKnownFileType = image.png; path = shibing_attack_17.png; sourceTree = "<group>"; };
		2E43358D1DA0C2AB00EDCA5A /* shibing_attack_18.png */ = {isa = PBXFileReference; lastKnownFileType = image.png; path = shibing_attack_18.png; sourceTree = "<group>"; };
		2E43358E1DA0C2AB00EDCA5A /* shibing_attack_19.png */ = {isa = PBXFileReference; lastKnownFileType = image.png; path = shibing_attack_19.png; sourceTree = "<group>"; };
		2E43358F1DA0C2AB00EDCA5A /* shibing_attack_20.png */ = {isa = PBXFileReference; lastKnownFileType = image.png; path = shibing_attack_20.png; sourceTree = "<group>"; };
		2E4335901DA0C2AB00EDCA5A /* shibing_attack_21.png */ = {isa = PBXFileReference; lastKnownFileType = image.png; path = shibing_attack_21.png; sourceTree = "<group>"; };
		2E4335911DA0C2AB00EDCA5A /* shibing_attack_22.png */ = {isa = PBXFileReference; lastKnownFileType = image.png; path = shibing_attack_22.png; sourceTree = "<group>"; };
		2E4335921DA0C2AB00EDCA5A /* shibing_attack_23.png */ = {isa = PBXFileReference; lastKnownFileType = image.png; path = shibing_attack_23.png; sourceTree = "<group>"; };
		2E4335931DA0C2AB00EDCA5A /* shibing_attack_24.png */ = {isa = PBXFileReference; lastKnownFileType = image.png; path = shibing_attack_24.png; sourceTree = "<group>"; };
		2E4335951DA0C2AB00EDCA5A /* walk_00.png */ = {isa = PBXFileReference; lastKnownFileType = image.png; path = walk_00.png; sourceTree = "<group>"; };
		2E4335961DA0C2AB00EDCA5A /* walk_01.png */ = {isa = PBXFileReference; lastKnownFileType = image.png; path = walk_01.png; sourceTree = "<group>"; };
		2E4335971DA0C2AB00EDCA5A /* walk_02.png */ = {isa = PBXFileReference; lastKnownFileType = image.png; path = walk_02.png; sourceTree = "<group>"; };
		2E4335981DA0C2AB00EDCA5A /* walk_03.png */ = {isa = PBXFileReference; lastKnownFileType = image.png; path = walk_03.png; sourceTree = "<group>"; };
		2E4335991DA0C2AB00EDCA5A /* walk_04.png */ = {isa = PBXFileReference; lastKnownFileType = image.png; path = walk_04.png; sourceTree = "<group>"; };
		2E43359A1DA0C2AB00EDCA5A /* walk_05.png */ = {isa = PBXFileReference; lastKnownFileType = image.png; path = walk_05.png; sourceTree = "<group>"; };
		2E43359B1DA0C2AB00EDCA5A /* walk_06.png */ = {isa = PBXFileReference; lastKnownFileType = image.png; path = walk_06.png; sourceTree = "<group>"; };
		2E43359C1DA0C2AB00EDCA5A /* walk_07.png */ = {isa = PBXFileReference; lastKnownFileType = image.png; path = walk_07.png; sourceTree = "<group>"; };
		2E43359D1DA0C2AB00EDCA5A /* walk_08.png */ = {isa = PBXFileReference; lastKnownFileType = image.png; path = walk_08.png; sourceTree = "<group>"; };
		2E43359E1DA0C2AB00EDCA5A /* walk_09.png */ = {isa = PBXFileReference; lastKnownFileType = image.png; path = walk_09.png; sourceTree = "<group>"; };
		2E43359F1DA0C2AB00EDCA5A /* walk_10.png */ = {isa = PBXFileReference; lastKnownFileType = image.png; path = walk_10.png; sourceTree = "<group>"; };
		2E4335A01DA0C2AB00EDCA5A /* walk_11.png */ = {isa = PBXFileReference; lastKnownFileType = image.png; path = walk_11.png; sourceTree = "<group>"; };
		2E4335A11DA0C2AB00EDCA5A /* walk_00.png */ = {isa = PBXFileReference; lastKnownFileType = image.png; path = walk_00.png; sourceTree = "<group>"; };
		2E4335A31DA0C2AB00EDCA5A /* BGM.ogg */ = {isa = PBXFileReference; lastKnownFileType = file; path = BGM.ogg; sourceTree = "<group>"; };
		2E4335A51DA0C2AB00EDCA5A /* altar_left.png */ = {isa = PBXFileReference; lastKnownFileType = image.png; path = altar_left.png; sourceTree = "<group>"; };
		2E4335A61DA0C2AB00EDCA5A /* altar_right.png */ = {isa = PBXFileReference; lastKnownFileType = image.png; path = altar_right.png; sourceTree = "<group>"; };
		2E4335A71DA0C2AB00EDCA5A /* buy_fireball_solider.png */ = {isa = PBXFileReference; lastKnownFileType = image.png; path = buy_fireball_solider.png; sourceTree = "<group>"; };
		2E4335A81DA0C2AB00EDCA5A /* buy_missionary.png */ = {isa = PBXFileReference; lastKnownFileType = image.png; path = buy_missionary.png; sourceTree = "<group>"; };
		2E4335A91DA0C2AB00EDCA5A /* buy_private_solider.png */ = {isa = PBXFileReference; lastKnownFileType = image.png; path = buy_private_solider.png; sourceTree = "<group>"; };
		2E4335AA1DA0C2AB00EDCA5A /* CloseNormal.png */ = {isa = PBXFileReference; lastKnownFileType = image.png; path = CloseNormal.png; sourceTree = "<group>"; };
		2E4335AB1DA0C2AB00EDCA5A /* CloseSelected.png */ = {isa = PBXFileReference; lastKnownFileType = image.png; path = CloseSelected.png; sourceTree = "<group>"; };
		2E4335AC1DA0C2AB00EDCA5A /* common_progress_base.png */ = {isa = PBXFileReference; lastKnownFileType = image.png; path = common_progress_base.png; sourceTree = "<group>"; };
		2E4335AD1DA0C2AB00EDCA5A /* mine_left.png */ = {isa = PBXFileReference; lastKnownFileType = image.png; path = mine_left.png; sourceTree = "<group>"; };
		2E4335AE1DA0C2AB00EDCA5A /* mine_mid.png */ = {isa = PBXFileReference; lastKnownFileType = image.png; path = mine_mid.png; sourceTree = "<group>"; };
		2E4335AF1DA0C2AB00EDCA5A /* mine_right.png */ = {isa = PBXFileReference; lastKnownFileType = image.png; path = mine_right.png; sourceTree = "<group>"; };
		2E4335B01DA0C2AB00EDCA5A /* skill_button.png */ = {isa = PBXFileReference; lastKnownFileType = image.png; path = skill_button.png; sourceTree = "<group>"; };
		2E9D89941D9775CE00F978BB /* fonts */ = {isa = PBXFileReference; lastKnownFileType = folder; path = fonts; sourceTree = "<group>"; };
		2E9D89961D9775CE00F978BB /* HelloWorld.png */ = {isa = PBXFileReference; lastKnownFileType = image.png; path = HelloWorld.png; sourceTree = "<group>"; };
		2E9D89971D9775CE00F978BB /* hero.tps */ = {isa = PBXFileReference; fileEncoding = 4; lastKnownFileType = text.xml; path = hero.tps; sourceTree = "<group>"; };
		2E9D89A41D9775CE00F978BB /* Icon-72.png */ = {isa = PBXFileReference; lastKnownFileType = image.png; path = "Icon-72.png"; sourceTree = "<group>"; };
		2E9D89AB1D9775CE00F978BB /* msyh.ttf */ = {isa = PBXFileReference; lastKnownFileType = file; path = msyh.ttf; sourceTree = "<group>"; };
		2E9D89AD1D9775CE00F978BB /* progress.png */ = {isa = PBXFileReference; lastKnownFileType = image.png; path = progress.png; sourceTree = "<group>"; };
		2E9D89AE1D9775CE00F978BB /* res */ = {isa = PBXFileReference; lastKnownFileType = folder; path = res; sourceTree = "<group>"; };
		46880B8419C43A87006E1F66 /* AppDelegate.cpp */ = {isa = PBXFileReference; fileEncoding = 4; lastKnownFileType = sourcecode.cpp.cpp; path = AppDelegate.cpp; sourceTree = "<group>"; };
		46880B8519C43A87006E1F66 /* AppDelegate.h */ = {isa = PBXFileReference; fileEncoding = 4; lastKnownFileType = sourcecode.c.h; path = AppDelegate.h; sourceTree = "<group>"; };
		46880B8619C43A87006E1F66 /* HelloWorldScene.cpp */ = {isa = PBXFileReference; fileEncoding = 4; lastKnownFileType = sourcecode.cpp.cpp; path = HelloWorldScene.cpp; sourceTree = "<group>"; };
		46880B8719C43A87006E1F66 /* HelloWorldScene.h */ = {isa = PBXFileReference; fileEncoding = 4; lastKnownFileType = sourcecode.c.h; path = HelloWorldScene.h; sourceTree = "<group>"; };
		503AE0F617EB97AB00D1A890 /* Icon.icns */ = {isa = PBXFileReference; lastKnownFileType = image.icns; path = Icon.icns; sourceTree = "<group>"; };
		503AE0F717EB97AB00D1A890 /* Info.plist */ = {isa = PBXFileReference; fileEncoding = 4; lastKnownFileType = text.plist.xml; path = Info.plist; sourceTree = "<group>"; };
		503AE0FA17EB989F00D1A890 /* AppController.h */ = {isa = PBXFileReference; fileEncoding = 4; lastKnownFileType = sourcecode.c.h; name = AppController.h; path = ios/AppController.h; sourceTree = SOURCE_ROOT; };
		503AE0FB17EB989F00D1A890 /* AppController.mm */ = {isa = PBXFileReference; fileEncoding = 4; lastKnownFileType = sourcecode.cpp.objcpp; name = AppController.mm; path = ios/AppController.mm; sourceTree = SOURCE_ROOT; };
		503AE0FC17EB989F00D1A890 /* main.m */ = {isa = PBXFileReference; fileEncoding = 4; lastKnownFileType = sourcecode.c.objc; name = main.m; path = ios/main.m; sourceTree = SOURCE_ROOT; };
		503AE0FD17EB989F00D1A890 /* Prefix.pch */ = {isa = PBXFileReference; fileEncoding = 4; lastKnownFileType = sourcecode.c.h; name = Prefix.pch; path = ios/Prefix.pch; sourceTree = SOURCE_ROOT; };
		503AE0FE17EB989F00D1A890 /* RootViewController.h */ = {isa = PBXFileReference; fileEncoding = 4; lastKnownFileType = sourcecode.c.h; name = RootViewController.h; path = ios/RootViewController.h; sourceTree = SOURCE_ROOT; };
		503AE0FF17EB989F00D1A890 /* RootViewController.mm */ = {isa = PBXFileReference; fileEncoding = 4; lastKnownFileType = sourcecode.cpp.objcpp; name = RootViewController.mm; path = ios/RootViewController.mm; sourceTree = SOURCE_ROOT; };
		503AE10317EB98FF00D1A890 /* main.cpp */ = {isa = PBXFileReference; fileEncoding = 4; lastKnownFileType = sourcecode.cpp.cpp; name = main.cpp; path = mac/main.cpp; sourceTree = "<group>"; };
		503AE10417EB98FF00D1A890 /* Prefix.pch */ = {isa = PBXFileReference; fileEncoding = 4; lastKnownFileType = sourcecode.c.h; name = Prefix.pch; path = mac/Prefix.pch; sourceTree = "<group>"; };
		503AE11117EB99EE00D1A890 /* libcurl.dylib */ = {isa = PBXFileReference; lastKnownFileType = "compiled.mach-o.dylib"; name = libcurl.dylib; path = usr/lib/libcurl.dylib; sourceTree = SDKROOT; };
		503AE11A17EB9C5A00D1A890 /* IOKit.framework */ = {isa = PBXFileReference; lastKnownFileType = wrapper.framework; name = IOKit.framework; path = System/Library/Frameworks/IOKit.framework; sourceTree = SDKROOT; };
		5087E76F17EB910900C73F5D /* MadGoD-desktop.app */ = {isa = PBXFileReference; explicitFileType = wrapper.application; includeInIndex = 0; path = "MadGoD-desktop.app"; sourceTree = BUILT_PRODUCTS_DIR; };
		5087E77217EB970100C73F5D /* Default-568h@2x.png */ = {isa = PBXFileReference; lastKnownFileType = image.png; path = "Default-568h@2x.png"; sourceTree = "<group>"; };
		5087E77317EB970100C73F5D /* Default.png */ = {isa = PBXFileReference; lastKnownFileType = image.png; path = Default.png; sourceTree = "<group>"; };
		5087E77417EB970100C73F5D /* Default@2x.png */ = {isa = PBXFileReference; lastKnownFileType = image.png; path = "Default@2x.png"; sourceTree = "<group>"; };
		5087E77517EB970100C73F5D /* Icon-114.png */ = {isa = PBXFileReference; lastKnownFileType = image.png; path = "Icon-114.png"; sourceTree = "<group>"; };
		5087E77617EB970100C73F5D /* Icon-120.png */ = {isa = PBXFileReference; lastKnownFileType = image.png; path = "Icon-120.png"; sourceTree = "<group>"; };
		5087E77717EB970100C73F5D /* Icon-144.png */ = {isa = PBXFileReference; lastKnownFileType = image.png; path = "Icon-144.png"; sourceTree = "<group>"; };
		5087E77817EB970100C73F5D /* Icon-152.png */ = {isa = PBXFileReference; lastKnownFileType = image.png; path = "Icon-152.png"; sourceTree = "<group>"; };
		5087E77917EB970100C73F5D /* Icon-57.png */ = {isa = PBXFileReference; lastKnownFileType = image.png; path = "Icon-57.png"; sourceTree = "<group>"; };
		5087E77A17EB970100C73F5D /* Icon-72.png */ = {isa = PBXFileReference; lastKnownFileType = image.png; path = "Icon-72.png"; sourceTree = "<group>"; };
		5087E77B17EB970100C73F5D /* Icon-76.png */ = {isa = PBXFileReference; lastKnownFileType = image.png; path = "Icon-76.png"; sourceTree = "<group>"; };
		5087E77C17EB970100C73F5D /* Info.plist */ = {isa = PBXFileReference; fileEncoding = 4; lastKnownFileType = text.plist.xml; path = Info.plist; sourceTree = "<group>"; };
		5087E78817EB974C00C73F5D /* AppKit.framework */ = {isa = PBXFileReference; lastKnownFileType = wrapper.framework; name = AppKit.framework; path = System/Library/Frameworks/AppKit.framework; sourceTree = SDKROOT; };
		5087E78A17EB975400C73F5D /* OpenGL.framework */ = {isa = PBXFileReference; lastKnownFileType = wrapper.framework; name = OpenGL.framework; path = System/Library/Frameworks/OpenGL.framework; sourceTree = SDKROOT; };
		50EF629217ECD46A001EB2F8 /* Icon-40.png */ = {isa = PBXFileReference; lastKnownFileType = image.png; path = "Icon-40.png"; sourceTree = "<group>"; };
		50EF629317ECD46A001EB2F8 /* Icon-58.png */ = {isa = PBXFileReference; lastKnownFileType = image.png; path = "Icon-58.png"; sourceTree = "<group>"; };
		50EF629417ECD46A001EB2F8 /* Icon-80.png */ = {isa = PBXFileReference; lastKnownFileType = image.png; path = "Icon-80.png"; sourceTree = "<group>"; };
		50EF629517ECD46A001EB2F8 /* Icon-100.png */ = {isa = PBXFileReference; lastKnownFileType = image.png; path = "Icon-100.png"; sourceTree = "<group>"; };
		50EF62A017ECD613001EB2F8 /* Icon-29.png */ = {isa = PBXFileReference; lastKnownFileType = image.png; path = "Icon-29.png"; sourceTree = "<group>"; };
		50EF62A117ECD613001EB2F8 /* Icon-50.png */ = {isa = PBXFileReference; lastKnownFileType = image.png; path = "Icon-50.png"; sourceTree = "<group>"; };
		521A8E6219F0C34300D177D7 /* Default-667h@2x.png */ = {isa = PBXFileReference; lastKnownFileType = image.png; path = "Default-667h@2x.png"; sourceTree = "<group>"; };
		521A8E6319F0C34300D177D7 /* Default-736h@3x.png */ = {isa = PBXFileReference; lastKnownFileType = image.png; path = "Default-736h@3x.png"; sourceTree = "<group>"; };
		52B47A461A53D09B004E4C60 /* Security.framework */ = {isa = PBXFileReference; lastKnownFileType = wrapper.framework; name = Security.framework; path = Platforms/iPhoneOS.platform/Developer/SDKs/iPhoneOS8.1.sdk/System/Library/Frameworks/Security.framework; sourceTree = DEVELOPER_DIR; };
		8262943D1AAF051F00CB7CF7 /* Security.framework */ = {isa = PBXFileReference; lastKnownFileType = wrapper.framework; name = Security.framework; path = System/Library/Frameworks/Security.framework; sourceTree = SDKROOT; };
		BF170DB012928DE900B8313A /* OpenGLES.framework */ = {isa = PBXFileReference; lastKnownFileType = wrapper.framework; name = OpenGLES.framework; path = System/Library/Frameworks/OpenGLES.framework; sourceTree = SDKROOT; };
		BF170DB412928DE900B8313A /* libz.dylib */ = {isa = PBXFileReference; lastKnownFileType = "compiled.mach-o.dylib"; name = libz.dylib; path = usr/lib/libz.dylib; sourceTree = SDKROOT; };
		BF1C47EA1293683800B63C5D /* QuartzCore.framework */ = {isa = PBXFileReference; lastKnownFileType = wrapper.framework; name = QuartzCore.framework; path = System/Library/Frameworks/QuartzCore.framework; sourceTree = SDKROOT; };
		D44C620B132DFF330009C878 /* OpenAL.framework */ = {isa = PBXFileReference; lastKnownFileType = wrapper.framework; name = OpenAL.framework; path = System/Library/Frameworks/OpenAL.framework; sourceTree = SDKROOT; };
		D44C620D132DFF430009C878 /* AVFoundation.framework */ = {isa = PBXFileReference; lastKnownFileType = wrapper.framework; name = AVFoundation.framework; path = System/Library/Frameworks/AVFoundation.framework; sourceTree = SDKROOT; };
		D44C620F132DFF4E0009C878 /* AudioToolbox.framework */ = {isa = PBXFileReference; lastKnownFileType = wrapper.framework; name = AudioToolbox.framework; path = System/Library/Frameworks/AudioToolbox.framework; sourceTree = SDKROOT; };
		D6B0611A1803AB670077942B /* CoreMotion.framework */ = {isa = PBXFileReference; lastKnownFileType = wrapper.framework; name = CoreMotion.framework; path = Platforms/iPhoneOS.platform/Developer/SDKs/iPhoneOS7.0.sdk/System/Library/Frameworks/CoreMotion.framework; sourceTree = DEVELOPER_DIR; };
		ED545A7B1B68A1F400C3958E /* libiconv.dylib */ = {isa = PBXFileReference; lastKnownFileType = "compiled.mach-o.dylib"; name = libiconv.dylib; path = Platforms/iPhoneOS.platform/Developer/SDKs/iPhoneOS8.4.sdk/usr/lib/libiconv.dylib; sourceTree = DEVELOPER_DIR; };
		ED545A7D1B68A1FA00C3958E /* libiconv.dylib */ = {isa = PBXFileReference; lastKnownFileType = "compiled.mach-o.dylib"; name = libiconv.dylib; path = usr/lib/libiconv.dylib; sourceTree = SDKROOT; };
/* End PBXFileReference section */

/* Begin PBXFrameworksBuildPhase section */
		1D60588F0D05DD3D006BFB54 /* Frameworks */ = {
			isa = PBXFrameworksBuildPhase;
			buildActionMask = 2147483647;
			files = (
				ED545A7C1B68A1F400C3958E /* libiconv.dylib in Frameworks */,
				52B47A471A53D09C004E4C60 /* Security.framework in Frameworks */,
				1AC6FB30180E99EB004C840B /* libcocos2d iOS.a in Frameworks */,
				D6B0611B1803AB670077942B /* CoreMotion.framework in Frameworks */,
				1D60589F0D05DD5A006BFB54 /* Foundation.framework in Frameworks */,
				1DF5F4E00D08C38300B7A737 /* UIKit.framework in Frameworks */,
				288765A50DF7441C002DB57D /* CoreGraphics.framework in Frameworks */,
				BF171245129291EC00B8313A /* OpenGLES.framework in Frameworks */,
				BF1712471292920000B8313A /* libz.dylib in Frameworks */,
				BF1C47F01293687400B63C5D /* QuartzCore.framework in Frameworks */,
				D44C620C132DFF330009C878 /* OpenAL.framework in Frameworks */,
				D44C620E132DFF430009C878 /* AVFoundation.framework in Frameworks */,
				D44C6210132DFF4E0009C878 /* AudioToolbox.framework in Frameworks */,
			);
			runOnlyForDeploymentPostprocessing = 0;
		};
		5087E75C17EB910900C73F5D /* Frameworks */ = {
			isa = PBXFrameworksBuildPhase;
			buildActionMask = 2147483647;
			files = (
				ED545A7E1B68A1FA00C3958E /* libiconv.dylib in Frameworks */,
				1AC6FB21180E996B004C840B /* libcocos2d Mac.a in Frameworks */,
				5087E76717EB910900C73F5D /* libz.dylib in Frameworks */,
				8262943E1AAF051F00CB7CF7 /* Security.framework in Frameworks */,
				503AE11B17EB9C5A00D1A890 /* IOKit.framework in Frameworks */,
				5087E78B17EB975400C73F5D /* OpenGL.framework in Frameworks */,
				5087E78917EB974C00C73F5D /* AppKit.framework in Frameworks */,
				5087E76317EB910900C73F5D /* Foundation.framework in Frameworks */,
				5087E76817EB910900C73F5D /* QuartzCore.framework in Frameworks */,
				5087E76917EB910900C73F5D /* OpenAL.framework in Frameworks */,
				5087E76A17EB910900C73F5D /* AVFoundation.framework in Frameworks */,
				5087E76B17EB910900C73F5D /* AudioToolbox.framework in Frameworks */,
			);
			runOnlyForDeploymentPostprocessing = 0;
		};
/* End PBXFrameworksBuildPhase section */

/* Begin PBXGroup section */
		080E96DDFE201D6D7F000001 /* ios */ = {
			isa = PBXGroup;
			children = (
				5087E77117EB970100C73F5D /* Icons */,
				503AE0FA17EB989F00D1A890 /* AppController.h */,
				503AE0FB17EB989F00D1A890 /* AppController.mm */,
				503AE0FC17EB989F00D1A890 /* main.m */,
				503AE0FD17EB989F00D1A890 /* Prefix.pch */,
				503AE0FE17EB989F00D1A890 /* RootViewController.h */,
				503AE0FF17EB989F00D1A890 /* RootViewController.mm */,
			);
			name = ios;
			path = Classes;
			sourceTree = "<group>";
		};
		19C28FACFE9D520D11CA2CBB /* Products */ = {
			isa = PBXGroup;
			children = (
				1D6058910D05DD3D006BFB54 /* MadGoD-mobile.app */,
				5087E76F17EB910900C73F5D /* MadGoD-desktop.app */,
			);
			name = Products;
			sourceTree = "<group>";
		};
		1AC6FAE6180E9839004C840B /* Products */ = {
			isa = PBXGroup;
			children = (
				1AC6FAF9180E9839004C840B /* libcocos2d Mac.a */,
				1AC6FB07180E9839004C840B /* libcocos2d iOS.a */,
			);
			name = Products;
			sourceTree = "<group>";
		};
		29B97314FDCFA39411CA2CEA /* CustomTemplate */ = {
			isa = PBXGroup;
			children = (
				46880B8319C43A87006E1F66 /* Classes */,
				46880B7519C43A67006E1F66 /* Resources */,
				1AC6FAE5180E9839004C840B /* cocos2d_libs.xcodeproj */,
				29B97323FDCFA39411CA2CEA /* Frameworks */,
				080E96DDFE201D6D7F000001 /* ios */,
				503AE10617EB990700D1A890 /* mac */,
				19C28FACFE9D520D11CA2CBB /* Products */,
			);
			name = CustomTemplate;
			sourceTree = "<group>";
		};
		29B97323FDCFA39411CA2CEA /* Frameworks */ = {
			isa = PBXGroup;
			children = (
				ED545A7D1B68A1FA00C3958E /* libiconv.dylib */,
				ED545A7B1B68A1F400C3958E /* libiconv.dylib */,
				8262943D1AAF051F00CB7CF7 /* Security.framework */,
				52B47A461A53D09B004E4C60 /* Security.framework */,
				D6B0611A1803AB670077942B /* CoreMotion.framework */,
				503AE11A17EB9C5A00D1A890 /* IOKit.framework */,
				503AE11117EB99EE00D1A890 /* libcurl.dylib */,
				5087E78A17EB975400C73F5D /* OpenGL.framework */,
				5087E78817EB974C00C73F5D /* AppKit.framework */,
				1ACB3243164770DE00914215 /* libcurl.a */,
				BF170DB412928DE900B8313A /* libz.dylib */,
				D44C620F132DFF4E0009C878 /* AudioToolbox.framework */,
				D44C620D132DFF430009C878 /* AVFoundation.framework */,
				288765A40DF7441C002DB57D /* CoreGraphics.framework */,
				1D30AB110D05D00D00671497 /* Foundation.framework */,
				D44C620B132DFF330009C878 /* OpenAL.framework */,
				BF170DB012928DE900B8313A /* OpenGLES.framework */,
				BF1C47EA1293683800B63C5D /* QuartzCore.framework */,
				1DF5F4DF0D08C38300B7A737 /* UIKit.framework */,
			);
			name = Frameworks;
			sourceTree = "<group>";
		};
		2E43351A1DA0B78E00EDCA5A /* Common */ = {
			isa = PBXGroup;
			children = (
				2E4335531DA0B7BF00EDCA5A /* Msg */,
				2E4335561DA0B7BF00EDCA5A /* Utils */,
				2E43351B1DA0B78E00EDCA5A /* GlobalDefine.h */,
			);
			path = Common;
			sourceTree = "<group>";
		};
		2E4335241DA0B78E00EDCA5A /* System */ = {
			isa = PBXGroup;
			children = (
				2E4335251DA0B78E00EDCA5A /* DataManager.cpp */,
				2E4335261DA0B78E00EDCA5A /* DataManager.hpp */,
				2E4335271DA0B78E00EDCA5A /* Hero */,
			);
			path = System;
			sourceTree = "<group>";
		};
		2E4335271DA0B78E00EDCA5A /* Hero */ = {
			isa = PBXGroup;
			children = (
				2E4335281DA0B78E00EDCA5A /* HeroManager.cpp */,
				2E4335291DA0B78E00EDCA5A /* HeroManager.h */,
			);
			path = Hero;
			sourceTree = "<group>";
		};
		2E43352A1DA0B78E00EDCA5A /* UI */ = {
			isa = PBXGroup;
			children = (
				2E43352B1DA0B78E00EDCA5A /* Layer */,
				2E4335301DA0B78E00EDCA5A /* Widget */,
			);
			path = UI;
			sourceTree = "<group>";
		};
		2E43352B1DA0B78E00EDCA5A /* Layer */ = {
			isa = PBXGroup;
			children = (
				2E43352C1DA0B78E00EDCA5A /* MainLayer.cpp */,
				2E43352D1DA0B78E00EDCA5A /* MainLayer.hpp */,
				2E43352E1DA0B78E00EDCA5A /* OperatePanel.cpp */,
				2E43352F1DA0B78E00EDCA5A /* OperatePanel.hpp */,
			);
			path = Layer;
			sourceTree = "<group>";
		};
		2E4335301DA0B78E00EDCA5A /* Widget */ = {
			isa = PBXGroup;
			children = (
				2E4335311DA0B78E00EDCA5A /* Enety */,
				2E43353C1DA0B78E00EDCA5A /* Npc */,
				2E43353F1DA0B78E00EDCA5A /* Operate */,
			);
			path = Widget;
			sourceTree = "<group>";
		};
		2E4335311DA0B78E00EDCA5A /* Enety */ = {
			isa = PBXGroup;
			children = (
				2E4335321DA0B78E00EDCA5A /* ArrowMan.cpp */,
				2E4335331DA0B78E00EDCA5A /* ArrowMan.h */,
				2E4335341DA0B78E00EDCA5A /* Farmer.cpp */,
				2E4335351DA0B78E00EDCA5A /* Farmer.hpp */,
				2E4335361DA0B78E00EDCA5A /* HeroEnety.cpp */,
				2E4335371DA0B78E00EDCA5A /* HeroEnety.h */,
				2E4335381DA0B78E00EDCA5A /* Missionary.cpp */,
				2E4335391DA0B78E00EDCA5A /* Missionary.hpp */,
				2E43353A1DA0B78E00EDCA5A /* SwordsMan.cpp */,
				2E43353B1DA0B78E00EDCA5A /* SwordsMan.h */,
			);
			path = Enety;
			sourceTree = "<group>";
		};
		2E43353C1DA0B78E00EDCA5A /* Npc */ = {
			isa = PBXGroup;
			children = (
				2E43353D1DA0B78E00EDCA5A /* Player.cpp */,
				2E43353E1DA0B78E00EDCA5A /* Player.h */,
			);
			path = Npc;
			sourceTree = "<group>";
		};
		2E43353F1DA0B78E00EDCA5A /* Operate */ = {
			isa = PBXGroup;
			children = (
				2E4335401DA0B78E00EDCA5A /* SoliderIcon.cpp */,
				2E4335411DA0B78E00EDCA5A /* SoliderIcon.hpp */,
				2E4335421DA0B78E00EDCA5A /* SoliderIconPanel.cpp */,
				2E4335431DA0B78E00EDCA5A /* SoliderIconPanel.hpp */,
			);
			path = Operate;
			sourceTree = "<group>";
		};
		2E4335531DA0B7BF00EDCA5A /* Msg */ = {
			isa = PBXGroup;
			children = (
				2E4335541DA0B7BF00EDCA5A /* MsgManager.cpp */,
				2E4335551DA0B7BF00EDCA5A /* MsgManager.h */,
			);
			path = Msg;
			sourceTree = "<group>";
		};
		2E4335561DA0B7BF00EDCA5A /* Utils */ = {
			isa = PBXGroup;
			children = (
				2E4335571DA0B7BF00EDCA5A /* JsonUtils.cpp */,
				2E4335581DA0B7BF00EDCA5A /* JsonUtils.hpp */,
				2E4335591DA0B7BF00EDCA5A /* Utils.cpp */,
				2E43355A1DA0B7BF00EDCA5A /* Utils.hpp */,
			);
			path = Utils;
			sourceTree = "<group>";
		};
		2E43355E1DA0C2AB00EDCA5A /* Bg */ = {
			isa = PBXGroup;
			children = (
				2E43355F1DA0C2AB00EDCA5A /* bg.jpg */,
			);
			path = Bg;
			sourceTree = "<group>";
		};
		2E4335601DA0C2AB00EDCA5A /* config */ = {
			isa = PBXGroup;
			children = (
				2E4335611DA0C2AB00EDCA5A /* Fractions.json */,
				2E4335621DA0C2AB00EDCA5A /* Roads.json */,
				2E4335631DA0C2AB00EDCA5A /* Skill.json */,
				2E4335641DA0C2AB00EDCA5A /* Soldiers.json */,
			);
			path = config;
			sourceTree = "<group>";
		};
		2E4335651DA0C2AB00EDCA5A /* Effect */ = {
			isa = PBXGroup;
			children = (
				2E4335661DA0C2AB00EDCA5A /* huoqiu_1.png */,
				2E4335671DA0C2AB00EDCA5A /* light_1.jpg */,
				2E4335681DA0C2AB00EDCA5A /* light_2.jpg */,
				2E4335691DA0C2AB00EDCA5A /* sd3.png */,
			);
			path = Effect;
			sourceTree = "<group>";
		};
		2E43356A1DA0C2AB00EDCA5A /* Enety */ = {
			isa = PBXGroup;
			children = (
				2E43356B1DA0C2AB00EDCA5A /* farmer.png */,
				2E43356C1DA0C2AB00EDCA5A /* fireball_soldier.png */,
				2E43356D1DA0C2AB00EDCA5A /* HeroA.plist */,
				2E43356E1DA0C2AB00EDCA5A /* HeroA.png */,
				2E43356F1DA0C2AB00EDCA5A /* HeroB.plist */,
				2E4335701DA0C2AB00EDCA5A /* HeroB.png */,
				2E4335711DA0C2AB00EDCA5A /* heroB.tps */,
				2E4335721DA0C2AB00EDCA5A /* HeroC.plist */,
				2E4335731DA0C2AB00EDCA5A /* HeroC.png */,
				2E4335741DA0C2AB00EDCA5A /* heroC.tps */,
				2E4335751DA0C2AB00EDCA5A /* HeroD.plist */,
				2E4335761DA0C2AB00EDCA5A /* HeroD.png */,
				2E4335771DA0C2AB00EDCA5A /* heroD.tps */,
				2E4335781DA0C2AB00EDCA5A /* missionary.png */,
				2E4335791DA0C2AB00EDCA5A /* private_soldier.png */,
				2E43357A1DA0C2AB00EDCA5A /* shibing_attack */,
				2E4335941DA0C2AB00EDCA5A /* shibing_walk */,
				2E4335A11DA0C2AB00EDCA5A /* walk_00.png */,
			);
			path = Enety;
			sourceTree = "<group>";
		};
		2E43357A1DA0C2AB00EDCA5A /* shibing_attack */ = {
			isa = PBXGroup;
			children = (
				2E43357B1DA0C2AB00EDCA5A /* shibing_attack_00.png */,
				2E43357C1DA0C2AB00EDCA5A /* shibing_attack_01.png */,
				2E43357D1DA0C2AB00EDCA5A /* shibing_attack_02.png */,
				2E43357E1DA0C2AB00EDCA5A /* shibing_attack_03.png */,
				2E43357F1DA0C2AB00EDCA5A /* shibing_attack_04.png */,
				2E4335801DA0C2AB00EDCA5A /* shibing_attack_05.png */,
				2E4335811DA0C2AB00EDCA5A /* shibing_attack_06.png */,
				2E4335821DA0C2AB00EDCA5A /* shibing_attack_07.png */,
				2E4335831DA0C2AB00EDCA5A /* shibing_attack_08.png */,
				2E4335841DA0C2AB00EDCA5A /* shibing_attack_09.png */,
				2E4335851DA0C2AB00EDCA5A /* shibing_attack_10.png */,
				2E4335861DA0C2AB00EDCA5A /* shibing_attack_11.png */,
				2E4335871DA0C2AB00EDCA5A /* shibing_attack_12.png */,
				2E4335881DA0C2AB00EDCA5A /* shibing_attack_13.png */,
				2E4335891DA0C2AB00EDCA5A /* shibing_attack_14.png */,
				2E43358A1DA0C2AB00EDCA5A /* shibing_attack_15.png */,
				2E43358B1DA0C2AB00EDCA5A /* shibing_attack_16.png */,
				2E43358C1DA0C2AB00EDCA5A /* shibing_attack_17.png */,
				2E43358D1DA0C2AB00EDCA5A /* shibing_attack_18.png */,
				2E43358E1DA0C2AB00EDCA5A /* shibing_attack_19.png */,
				2E43358F1DA0C2AB00EDCA5A /* shibing_attack_20.png */,
				2E4335901DA0C2AB00EDCA5A /* shibing_attack_21.png */,
				2E4335911DA0C2AB00EDCA5A /* shibing_attack_22.png */,
				2E4335921DA0C2AB00EDCA5A /* shibing_attack_23.png */,
				2E4335931DA0C2AB00EDCA5A /* shibing_attack_24.png */,
			);
			path = shibing_attack;
			sourceTree = "<group>";
		};
		2E4335941DA0C2AB00EDCA5A /* shibing_walk */ = {
			isa = PBXGroup;
			children = (
				2E4335951DA0C2AB00EDCA5A /* walk_00.png */,
				2E4335961DA0C2AB00EDCA5A /* walk_01.png */,
				2E4335971DA0C2AB00EDCA5A /* walk_02.png */,
				2E4335981DA0C2AB00EDCA5A /* walk_03.png */,
				2E4335991DA0C2AB00EDCA5A /* walk_04.png */,
				2E43359A1DA0C2AB00EDCA5A /* walk_05.png */,
				2E43359B1DA0C2AB00EDCA5A /* walk_06.png */,
				2E43359C1DA0C2AB00EDCA5A /* walk_07.png */,
				2E43359D1DA0C2AB00EDCA5A /* walk_08.png */,
				2E43359E1DA0C2AB00EDCA5A /* walk_09.png */,
				2E43359F1DA0C2AB00EDCA5A /* walk_10.png */,
				2E4335A01DA0C2AB00EDCA5A /* walk_11.png */,
			);
			path = shibing_walk;
			sourceTree = "<group>";
		};
		2E4335A21DA0C2AB00EDCA5A /* Music */ = {
			isa = PBXGroup;
			children = (
				2E4335A31DA0C2AB00EDCA5A /* BGM.ogg */,
			);
			path = Music;
			sourceTree = "<group>";
		};
		2E4335A41DA0C2AB00EDCA5A /* Widget */ = {
			isa = PBXGroup;
			children = (
				2E4335A51DA0C2AB00EDCA5A /* altar_left.png */,
				2E4335A61DA0C2AB00EDCA5A /* altar_right.png */,
				2E4335A71DA0C2AB00EDCA5A /* buy_fireball_solider.png */,
				2E4335A81DA0C2AB00EDCA5A /* buy_missionary.png */,
				2E4335A91DA0C2AB00EDCA5A /* buy_private_solider.png */,
				2E4335AA1DA0C2AB00EDCA5A /* CloseNormal.png */,
				2E4335AB1DA0C2AB00EDCA5A /* CloseSelected.png */,
				2E4335AC1DA0C2AB00EDCA5A /* common_progress_base.png */,
				2E4335AD1DA0C2AB00EDCA5A /* mine_left.png */,
				2E4335AE1DA0C2AB00EDCA5A /* mine_mid.png */,
				2E4335AF1DA0C2AB00EDCA5A /* mine_right.png */,
				2E4335B01DA0C2AB00EDCA5A /* skill_button.png */,
			);
			path = Widget;
			sourceTree = "<group>";
		};
		46880B7519C43A67006E1F66 /* Resources */ = {
			isa = PBXGroup;
			children = (
				2E43355E1DA0C2AB00EDCA5A /* Bg */,
				2E4335601DA0C2AB00EDCA5A /* config */,
				2E4335651DA0C2AB00EDCA5A /* Effect */,
				2E43356A1DA0C2AB00EDCA5A /* Enety */,
				2E4335A21DA0C2AB00EDCA5A /* Music */,
				2E4335A41DA0C2AB00EDCA5A /* Widget */,
				2E9D89941D9775CE00F978BB /* fonts */,
				2E9D89961D9775CE00F978BB /* HelloWorld.png */,
				2E9D89971D9775CE00F978BB /* hero.tps */,
				2E9D89A41D9775CE00F978BB /* Icon-72.png */,
				2E9D89AB1D9775CE00F978BB /* msyh.ttf */,
				2E9D89AD1D9775CE00F978BB /* progress.png */,
				2E9D89AE1D9775CE00F978BB /* res */,
			);
			name = Resources;
			path = ../Resources;
			sourceTree = "<group>";
		};
		46880B8319C43A87006E1F66 /* Classes */ = {
			isa = PBXGroup;
			children = (
				2E43351A1DA0B78E00EDCA5A /* Common */,
				2E4335241DA0B78E00EDCA5A /* System */,
				2E43352A1DA0B78E00EDCA5A /* UI */,
				46880B8419C43A87006E1F66 /* AppDelegate.cpp */,
				46880B8519C43A87006E1F66 /* AppDelegate.h */,
				46880B8619C43A87006E1F66 /* HelloWorldScene.cpp */,
				46880B8719C43A87006E1F66 /* HelloWorldScene.h */,
			);
			name = Classes;
			path = ../Classes;
			sourceTree = "<group>";
		};
		503AE0F517EB97AB00D1A890 /* Icons */ = {
			isa = PBXGroup;
			children = (
				503AE0F617EB97AB00D1A890 /* Icon.icns */,
				503AE0F717EB97AB00D1A890 /* Info.plist */,
			);
			name = Icons;
			path = mac;
			sourceTree = SOURCE_ROOT;
		};
		503AE10617EB990700D1A890 /* mac */ = {
			isa = PBXGroup;
			children = (
				503AE0F517EB97AB00D1A890 /* Icons */,
				503AE10317EB98FF00D1A890 /* main.cpp */,
				503AE10417EB98FF00D1A890 /* Prefix.pch */,
			);
			name = mac;
			sourceTree = "<group>";
		};
		5087E77117EB970100C73F5D /* Icons */ = {
			isa = PBXGroup;
			children = (
				521A8E6219F0C34300D177D7 /* Default-667h@2x.png */,
				521A8E6319F0C34300D177D7 /* Default-736h@3x.png */,
				5087E77217EB970100C73F5D /* Default-568h@2x.png */,
				5087E77317EB970100C73F5D /* Default.png */,
				5087E77417EB970100C73F5D /* Default@2x.png */,
				50EF62A017ECD613001EB2F8 /* Icon-29.png */,
				50EF62A117ECD613001EB2F8 /* Icon-50.png */,
				50EF629217ECD46A001EB2F8 /* Icon-40.png */,
				50EF629317ECD46A001EB2F8 /* Icon-58.png */,
				50EF629417ECD46A001EB2F8 /* Icon-80.png */,
				50EF629517ECD46A001EB2F8 /* Icon-100.png */,
				5087E77517EB970100C73F5D /* Icon-114.png */,
				5087E77617EB970100C73F5D /* Icon-120.png */,
				5087E77717EB970100C73F5D /* Icon-144.png */,
				5087E77817EB970100C73F5D /* Icon-152.png */,
				5087E77917EB970100C73F5D /* Icon-57.png */,
				5087E77A17EB970100C73F5D /* Icon-72.png */,
				5087E77B17EB970100C73F5D /* Icon-76.png */,
				5087E77C17EB970100C73F5D /* Info.plist */,
			);
			name = Icons;
			path = ios;
			sourceTree = SOURCE_ROOT;
		};
/* End PBXGroup section */

/* Begin PBXNativeTarget section */
		1D6058900D05DD3D006BFB54 /* MadGoD-mobile */ = {
			isa = PBXNativeTarget;
			buildConfigurationList = 1D6058960D05DD3E006BFB54 /* Build configuration list for PBXNativeTarget "MadGoD-mobile" */;
			buildPhases = (
				1D60588D0D05DD3D006BFB54 /* Resources */,
				1D60588E0D05DD3D006BFB54 /* Sources */,
				1D60588F0D05DD3D006BFB54 /* Frameworks */,
			);
			buildRules = (
			);
			dependencies = (
				1AC6FB25180E99E1004C840B /* PBXTargetDependency */,
			);
			name = "MadGoD-mobile";
			productName = iphone;
			productReference = 1D6058910D05DD3D006BFB54 /* MadGoD-mobile.app */;
			productType = "com.apple.product-type.application";
		};
		5087E73D17EB910900C73F5D /* MadGoD-desktop */ = {
			isa = PBXNativeTarget;
			buildConfigurationList = 5087E76C17EB910900C73F5D /* Build configuration list for PBXNativeTarget "MadGoD-desktop" */;
			buildPhases = (
				5087E74817EB910900C73F5D /* Resources */,
				5087E75617EB910900C73F5D /* Sources */,
				5087E75C17EB910900C73F5D /* Frameworks */,
			);
			buildRules = (
			);
			dependencies = (
				1AC6FB16180E9959004C840B /* PBXTargetDependency */,
			);
			name = "MadGoD-desktop";
			productName = iphone;
			productReference = 5087E76F17EB910900C73F5D /* MadGoD-desktop.app */;
			productType = "com.apple.product-type.application";
		};
/* End PBXNativeTarget section */

/* Begin PBXProject section */
		29B97313FDCFA39411CA2CEA /* Project object */ = {
			isa = PBXProject;
			attributes = {
				LastUpgradeCheck = 0500;
			};
			buildConfigurationList = C01FCF4E08A954540054247B /* Build configuration list for PBXProject "MadGoD" */;
			compatibilityVersion = "Xcode 3.2";
			developmentRegion = English;
			hasScannedForEncodings = 1;
			knownRegions = (
				English,
				Japanese,
				French,
				German,
			);
			mainGroup = 29B97314FDCFA39411CA2CEA /* CustomTemplate */;
			projectDirPath = "";
			projectReferences = (
				{
					ProductGroup = 1AC6FAE6180E9839004C840B /* Products */;
					ProjectRef = 1AC6FAE5180E9839004C840B /* cocos2d_libs.xcodeproj */;
				},
			);
			projectRoot = "";
			targets = (
				1D6058900D05DD3D006BFB54 /* MadGoD-mobile */,
				5087E73D17EB910900C73F5D /* MadGoD-desktop */,
			);
		};
/* End PBXProject section */

/* Begin PBXReferenceProxy section */
		1AC6FAF9180E9839004C840B /* libcocos2d Mac.a */ = {
			isa = PBXReferenceProxy;
			fileType = archive.ar;
			path = "libcocos2d Mac.a";
			remoteRef = 1AC6FAF8180E9839004C840B /* PBXContainerItemProxy */;
			sourceTree = BUILT_PRODUCTS_DIR;
		};
		1AC6FB07180E9839004C840B /* libcocos2d iOS.a */ = {
			isa = PBXReferenceProxy;
			fileType = archive.ar;
			path = "libcocos2d iOS.a";
			remoteRef = 1AC6FB06180E9839004C840B /* PBXContainerItemProxy */;
			sourceTree = BUILT_PRODUCTS_DIR;
		};
/* End PBXReferenceProxy section */

/* Begin PBXResourcesBuildPhase section */
		1D60588D0D05DD3D006BFB54 /* Resources */ = {
			isa = PBXResourcesBuildPhase;
			buildActionMask = 2147483647;
			files = (
				2E4335B81DA0C2AB00EDCA5A /* light_2.jpg in Resources */,
				2E4335E71DA0C2AB00EDCA5A /* walk_05.png in Resources */,
				2E4335F31DA0C2AB00EDCA5A /* buy_missionary.png in Resources */,
				2E4335B11DA0C2AB00EDCA5A /* bg.jpg in Resources */,
				2E4335BA1DA0C2AB00EDCA5A /* farmer.png in Resources */,
				2E4335BD1DA0C2AB00EDCA5A /* HeroA.png in Resources */,
				5087E78117EB970100C73F5D /* Icon-120.png in Resources */,
				2E4335CA1DA0C2AB00EDCA5A /* shibing_attack_01.png in Resources */,
				2E4335D21DA0C2AB00EDCA5A /* shibing_attack_09.png in Resources */,
				2E4335D71DA0C2AB00EDCA5A /* shibing_attack_14.png in Resources */,
				2E4335EC1DA0C2AB00EDCA5A /* walk_10.png in Resources */,
				2E4335CE1DA0C2AB00EDCA5A /* shibing_attack_05.png in Resources */,
				2E4335B71DA0C2AB00EDCA5A /* light_1.jpg in Resources */,
				2E4335BE1DA0C2AB00EDCA5A /* HeroB.plist in Resources */,
				5087E78617EB970100C73F5D /* Icon-76.png in Resources */,
				2E4335F41DA0C2AB00EDCA5A /* buy_private_solider.png in Resources */,
				2E4335D31DA0C2AB00EDCA5A /* shibing_attack_10.png in Resources */,
				2E4335F91DA0C2AB00EDCA5A /* mine_mid.png in Resources */,
				2E4335B31DA0C2AB00EDCA5A /* Roads.json in Resources */,
				2E4335DF1DA0C2AB00EDCA5A /* shibing_attack_22.png in Resources */,
				2E4335F11DA0C2AB00EDCA5A /* altar_right.png in Resources */,
				2E4335C41DA0C2AB00EDCA5A /* HeroD.plist in Resources */,
				5087E77F17EB970100C73F5D /* Default@2x.png in Resources */,
				2E4335E61DA0C2AB00EDCA5A /* walk_04.png in Resources */,
				50EF629917ECD46A001EB2F8 /* Icon-100.png in Resources */,
				2E4335E11DA0C2AB00EDCA5A /* shibing_attack_24.png in Resources */,
				2E4335BB1DA0C2AB00EDCA5A /* fireball_soldier.png in Resources */,
				2E4335B61DA0C2AB00EDCA5A /* huoqiu_1.png in Resources */,
				2E4335C61DA0C2AB00EDCA5A /* heroD.tps in Resources */,
				2E4335C51DA0C2AB00EDCA5A /* HeroD.png in Resources */,
				2E4335E51DA0C2AB00EDCA5A /* walk_03.png in Resources */,
				2E4335DA1DA0C2AB00EDCA5A /* shibing_attack_17.png in Resources */,
				2E4335E91DA0C2AB00EDCA5A /* walk_07.png in Resources */,
				2E9D89DC1D9775CE00F978BB /* progress.png in Resources */,
				2E4335F81DA0C2AB00EDCA5A /* mine_left.png in Resources */,
				2E4335EB1DA0C2AB00EDCA5A /* walk_09.png in Resources */,
				2E4335F71DA0C2AB00EDCA5A /* common_progress_base.png in Resources */,
				2E9D89C51D9775CE00F978BB /* HelloWorld.png in Resources */,
				2E4335C81DA0C2AB00EDCA5A /* private_soldier.png in Resources */,
				2E4335D61DA0C2AB00EDCA5A /* shibing_attack_13.png in Resources */,
				2E4335DD1DA0C2AB00EDCA5A /* shibing_attack_20.png in Resources */,
				2E9D89DD1D9775CE00F978BB /* res in Resources */,
				5087E78317EB970100C73F5D /* Icon-152.png in Resources */,
				2E4335F01DA0C2AB00EDCA5A /* altar_left.png in Resources */,
				2E9D89DA1D9775CE00F978BB /* msyh.ttf in Resources */,
				2E9D89C31D9775CE00F978BB /* fonts in Resources */,
				2E4335C21DA0C2AB00EDCA5A /* HeroC.png in Resources */,
				5087E77D17EB970100C73F5D /* Default-568h@2x.png in Resources */,
				2E4335BF1DA0C2AB00EDCA5A /* HeroB.png in Resources */,
				2E4335E41DA0C2AB00EDCA5A /* walk_02.png in Resources */,
				5087E78517EB970100C73F5D /* Icon-72.png in Resources */,
				2E4335DE1DA0C2AB00EDCA5A /* shibing_attack_21.png in Resources */,
				521A8E6519F0C34300D177D7 /* Default-736h@3x.png in Resources */,
				2E4335E01DA0C2AB00EDCA5A /* shibing_attack_23.png in Resources */,
				50EF62A317ECD613001EB2F8 /* Icon-50.png in Resources */,
				2E4335F21DA0C2AB00EDCA5A /* buy_fireball_solider.png in Resources */,
				2E4335E21DA0C2AB00EDCA5A /* walk_00.png in Resources */,
				5087E78017EB970100C73F5D /* Icon-114.png in Resources */,
				2E4335B21DA0C2AB00EDCA5A /* Fractions.json in Resources */,
				2E9D89D31D9775CE00F978BB /* Icon-72.png in Resources */,
				50EF62A217ECD613001EB2F8 /* Icon-29.png in Resources */,
				2E4335FA1DA0C2AB00EDCA5A /* mine_right.png in Resources */,
				50EF629617ECD46A001EB2F8 /* Icon-40.png in Resources */,
				2E4335CC1DA0C2AB00EDCA5A /* shibing_attack_03.png in Resources */,
				2E4335D81DA0C2AB00EDCA5A /* shibing_attack_15.png in Resources */,
				2E4335EF1DA0C2AB00EDCA5A /* BGM.ogg in Resources */,
				2E4335E81DA0C2AB00EDCA5A /* walk_06.png in Resources */,
				2E4335F51DA0C2AB00EDCA5A /* CloseNormal.png in Resources */,
				2E4335E31DA0C2AB00EDCA5A /* walk_01.png in Resources */,
				2E4335FB1DA0C2AB00EDCA5A /* skill_button.png in Resources */,
				5087E78217EB970100C73F5D /* Icon-144.png in Resources */,
				2E4335C11DA0C2AB00EDCA5A /* HeroC.plist in Resources */,
				50EF629817ECD46A001EB2F8 /* Icon-80.png in Resources */,
				2E4335B41DA0C2AB00EDCA5A /* Skill.json in Resources */,
				2E4335BC1DA0C2AB00EDCA5A /* HeroA.plist in Resources */,
				2E4335D91DA0C2AB00EDCA5A /* shibing_attack_16.png in Resources */,
				2E4335ED1DA0C2AB00EDCA5A /* walk_11.png in Resources */,
				5087E78417EB970100C73F5D /* Icon-57.png in Resources */,
				5087E77E17EB970100C73F5D /* Default.png in Resources */,
				2E4335D11DA0C2AB00EDCA5A /* shibing_attack_08.png in Resources */,
				521A8E6419F0C34300D177D7 /* Default-667h@2x.png in Resources */,
				2E4335D41DA0C2AB00EDCA5A /* shibing_attack_11.png in Resources */,
				50EF629717ECD46A001EB2F8 /* Icon-58.png in Resources */,
				2E4335C31DA0C2AB00EDCA5A /* heroC.tps in Resources */,
				2E4335D01DA0C2AB00EDCA5A /* shibing_attack_07.png in Resources */,
				2E4335B51DA0C2AB00EDCA5A /* Soldiers.json in Resources */,
				2E4335EA1DA0C2AB00EDCA5A /* walk_08.png in Resources */,
				2E4335CF1DA0C2AB00EDCA5A /* shibing_attack_06.png in Resources */,
				2E4335C01DA0C2AB00EDCA5A /* heroB.tps in Resources */,
				2E4335EE1DA0C2AB00EDCA5A /* walk_00.png in Resources */,
				2E4335D51DA0C2AB00EDCA5A /* shibing_attack_12.png in Resources */,
				2E4335C91DA0C2AB00EDCA5A /* shibing_attack_00.png in Resources */,
				2E4335F61DA0C2AB00EDCA5A /* CloseSelected.png in Resources */,
				2E4335CB1DA0C2AB00EDCA5A /* shibing_attack_02.png in Resources */,
				2E4335CD1DA0C2AB00EDCA5A /* shibing_attack_04.png in Resources */,
				2E4335B91DA0C2AB00EDCA5A /* sd3.png in Resources */,
				2E9D89C61D9775CE00F978BB /* hero.tps in Resources */,
				2E4335C71DA0C2AB00EDCA5A /* missionary.png in Resources */,
				2E4335DB1DA0C2AB00EDCA5A /* shibing_attack_18.png in Resources */,
				2E4335DC1DA0C2AB00EDCA5A /* shibing_attack_19.png in Resources */,
			);
			runOnlyForDeploymentPostprocessing = 0;
		};
		5087E74817EB910900C73F5D /* Resources */ = {
			isa = PBXResourcesBuildPhase;
			buildActionMask = 2147483647;
			files = (
				503AE0F817EB97AB00D1A890 /* Icon.icns in Resources */,
			);
			runOnlyForDeploymentPostprocessing = 0;
		};
/* End PBXResourcesBuildPhase section */

/* Begin PBXSourcesBuildPhase section */
		1D60588E0D05DD3D006BFB54 /* Sources */ = {
			isa = PBXSourcesBuildPhase;
			buildActionMask = 2147483647;
			files = (
				2E43354F1DA0B78E00EDCA5A /* SwordsMan.cpp in Sources */,
				46880B8819C43A87006E1F66 /* AppDelegate.cpp in Sources */,
				2E4335501DA0B78E00EDCA5A /* Player.cpp in Sources */,
				2E43355C1DA0B7C000EDCA5A /* JsonUtils.cpp in Sources */,
				2E4335471DA0B78E00EDCA5A /* DataManager.cpp in Sources */,
				2E43354D1DA0B78E00EDCA5A /* HeroEnety.cpp in Sources */,
				46880B8A19C43A87006E1F66 /* HelloWorldScene.cpp in Sources */,
				2E4335491DA0B78E00EDCA5A /* MainLayer.cpp in Sources */,
				2E4335511DA0B78E00EDCA5A /* SoliderIcon.cpp in Sources */,
				2E43355D1DA0B7C000EDCA5A /* Utils.cpp in Sources */,
				503AE10017EB989F00D1A890 /* AppController.mm in Sources */,
				2E43354A1DA0B78E00EDCA5A /* OperatePanel.cpp in Sources */,
				2E4335481DA0B78E00EDCA5A /* HeroManager.cpp in Sources */,
				503AE10217EB989F00D1A890 /* RootViewController.mm in Sources */,
				2E43355B1DA0B7BF00EDCA5A /* MsgManager.cpp in Sources */,
				2E43354B1DA0B78E00EDCA5A /* ArrowMan.cpp in Sources */,
				503AE10117EB989F00D1A890 /* main.m in Sources */,
				2E4335521DA0B78E00EDCA5A /* SoliderIconPanel.cpp in Sources */,
				2E43354E1DA0B78E00EDCA5A /* Missionary.cpp in Sources */,
				2E43354C1DA0B78E00EDCA5A /* Farmer.cpp in Sources */,
			);
			runOnlyForDeploymentPostprocessing = 0;
		};
		5087E75617EB910900C73F5D /* Sources */ = {
			isa = PBXSourcesBuildPhase;
			buildActionMask = 2147483647;
			files = (
				46880B8919C43A87006E1F66 /* AppDelegate.cpp in Sources */,
				503AE10517EB98FF00D1A890 /* main.cpp in Sources */,
				46880B8B19C43A87006E1F66 /* HelloWorldScene.cpp in Sources */,
			);
			runOnlyForDeploymentPostprocessing = 0;
		};
/* End PBXSourcesBuildPhase section */

/* Begin PBXTargetDependency section */
		1AC6FB16180E9959004C840B /* PBXTargetDependency */ = {
			isa = PBXTargetDependency;
			name = "cocos2dx Mac";
			targetProxy = 1AC6FB15180E9959004C840B /* PBXContainerItemProxy */;
		};
		1AC6FB25180E99E1004C840B /* PBXTargetDependency */ = {
			isa = PBXTargetDependency;
			name = "cocos2dx iOS";
			targetProxy = 1AC6FB24180E99E1004C840B /* PBXContainerItemProxy */;
		};
/* End PBXTargetDependency section */

/* Begin XCBuildConfiguration section */
		1D6058940D05DD3E006BFB54 /* Debug */ = {
			isa = XCBuildConfiguration;
			buildSettings = {
				ALWAYS_SEARCH_USER_PATHS = YES;
				CODE_SIGN_IDENTITY = "iPhone Developer";
				COMPRESS_PNG_FILES = NO;
				ENABLE_BITCODE = NO;
				GCC_DYNAMIC_NO_PIC = NO;
				GCC_INLINES_ARE_PRIVATE_EXTERN = NO;
				GCC_PRECOMPILE_PREFIX_HEADER = YES;
				GCC_PREFIX_HEADER = ios/Prefix.pch;
				GCC_PREPROCESSOR_DEFINITIONS = (
					USE_FILE32API,
					CC_TARGET_OS_IPHONE,
					"COCOS2D_DEBUG=1",
					"CC_ENABLE_CHIPMUNK_INTEGRATION=1",
				);
				GCC_SYMBOLS_PRIVATE_EXTERN = NO;
				HEADER_SEARCH_PATHS = (
					"$(inherited)",
					"$(SRCROOT)/../cocos2d/cocos/platform/ios",
					"$(SRCROOT)/../cocos2d/cocos/platform/ios/Simulation",
				);
				INFOPLIST_FILE = ios/Info.plist;
				IPHONEOS_DEPLOYMENT_TARGET = 6.0;
				LIBRARY_SEARCH_PATHS = "";
				OTHER_LDFLAGS = (
					"$(_COCOS_LIB_IOS_BEGIN)",
					"$(_COCOS_LIB_IOS_END)",
				);
				SDKROOT = iphoneos;
				STRIP_PNG_TEXT = NO;
				TARGETED_DEVICE_FAMILY = "1,2";
				USER_HEADER_SEARCH_PATHS = "$(_COCOS_HEADER_IOS_BEGIN) $(_COCOS_HEADER_IOS_END)";
				VALID_ARCHS = "arm64 armv7";
			};
			name = Debug;
		};
		1D6058950D05DD3E006BFB54 /* Release */ = {
			isa = XCBuildConfiguration;
			buildSettings = {
				ALWAYS_SEARCH_USER_PATHS = YES;
				CODE_SIGN_IDENTITY = "iPhone Developer";
				COMPRESS_PNG_FILES = NO;
				ENABLE_BITCODE = NO;
				GCC_INLINES_ARE_PRIVATE_EXTERN = NO;
				GCC_PRECOMPILE_PREFIX_HEADER = YES;
				GCC_PREFIX_HEADER = ios/Prefix.pch;
				GCC_PREPROCESSOR_DEFINITIONS = (
					USE_FILE32API,
					CC_TARGET_OS_IPHONE,
					"CC_ENABLE_CHIPMUNK_INTEGRATION=1",
				);
				GCC_SYMBOLS_PRIVATE_EXTERN = NO;
				HEADER_SEARCH_PATHS = (
					"$(inherited)",
					"$(SRCROOT)/../cocos2d/cocos/platform/ios",
					"$(SRCROOT)/../cocos2d/cocos/platform/ios/Simulation",
				);
				INFOPLIST_FILE = ios/Info.plist;
				IPHONEOS_DEPLOYMENT_TARGET = 6.0;
				LIBRARY_SEARCH_PATHS = "";
				OTHER_LDFLAGS = (
					"$(_COCOS_LIB_IOS_BEGIN)",
					"$(_COCOS_LIB_IOS_END)",
				);
				SDKROOT = iphoneos;
				STRIP_PNG_TEXT = NO;
				TARGETED_DEVICE_FAMILY = "1,2";
				USER_HEADER_SEARCH_PATHS = "$(_COCOS_HEADER_IOS_BEGIN) $(_COCOS_HEADER_IOS_END)";
				VALID_ARCHS = "arm64 armv7";
			};
			name = Release;
		};
		5087E76D17EB910900C73F5D /* Debug */ = {
			isa = XCBuildConfiguration;
			buildSettings = {
				ALWAYS_SEARCH_USER_PATHS = YES;
				ARCHS = "$(ARCHS_STANDARD_64_BIT)";
				CLANG_CXX_LANGUAGE_STANDARD = "c++0x";
				CLANG_CXX_LIBRARY = "libc++";
				GCC_DYNAMIC_NO_PIC = NO;
				GCC_INLINES_ARE_PRIVATE_EXTERN = NO;
				GCC_PRECOMPILE_PREFIX_HEADER = YES;
				GCC_PREFIX_HEADER = mac/Prefix.pch;
				GCC_PREPROCESSOR_DEFINITIONS = (
					USE_FILE32API,
					CC_TARGET_OS_MAC,
					"COCOS2D_DEBUG=1",
					"CC_ENABLE_CHIPMUNK_INTEGRATION=1",
				);
				GCC_SYMBOLS_PRIVATE_EXTERN = NO;
				HEADER_SEARCH_PATHS = (
					"$(inherited)",
					"$(SRCROOT)/../cocos2d/cocos/platform/mac",
					"$(SRCROOT)/../cocos2d/external/glfw3/include/mac",
				);
				INFOPLIST_FILE = mac/Info.plist;
				LIBRARY_SEARCH_PATHS = "";
				OTHER_LDFLAGS = (
					"$(_COCOS_LIB_MAC_BEGIN)",
					"$(_COCOS_LIB_MAC_END)",
				);
				USER_HEADER_SEARCH_PATHS = "$(_COCOS_HEADER_MAC_BEGIN) $(_COCOS_HEADER_MAC_END)";
			};
			name = Debug;
		};
		5087E76E17EB910900C73F5D /* Release */ = {
			isa = XCBuildConfiguration;
			buildSettings = {
				ALWAYS_SEARCH_USER_PATHS = YES;
				ARCHS = "$(ARCHS_STANDARD_64_BIT)";
				CLANG_CXX_LANGUAGE_STANDARD = "c++0x";
				CLANG_CXX_LIBRARY = "libc++";
				GCC_INLINES_ARE_PRIVATE_EXTERN = NO;
				GCC_PRECOMPILE_PREFIX_HEADER = YES;
				GCC_PREFIX_HEADER = mac/Prefix.pch;
				GCC_PREPROCESSOR_DEFINITIONS = (
					USE_FILE32API,
					CC_TARGET_OS_MAC,
					"CC_ENABLE_CHIPMUNK_INTEGRATION=1",
				);
				GCC_SYMBOLS_PRIVATE_EXTERN = NO;
				HEADER_SEARCH_PATHS = (
					"$(inherited)",
					"$(SRCROOT)/../cocos2d/cocos/platform/mac",
					"$(SRCROOT)/../cocos2d/external/glfw3/include/mac",
				);
				INFOPLIST_FILE = mac/Info.plist;
				LIBRARY_SEARCH_PATHS = "";
				OTHER_LDFLAGS = (
					"$(_COCOS_LIB_MAC_BEGIN)",
					"$(_COCOS_LIB_MAC_END)",
				);
				USER_HEADER_SEARCH_PATHS = "$(_COCOS_HEADER_MAC_BEGIN) $(_COCOS_HEADER_MAC_END)";
			};
			name = Release;
		};
		C01FCF4F08A954540054247B /* Debug */ = {
			isa = XCBuildConfiguration;
			buildSettings = {
				CLANG_CXX_LANGUAGE_STANDARD = "c++0x";
				CLANG_CXX_LIBRARY = "libc++";
				COPY_PHASE_STRIP = NO;
				GCC_OPTIMIZATION_LEVEL = 0;
				GCC_WARN_ABOUT_RETURN_TYPE = YES;
				GCC_WARN_UNUSED_VARIABLE = YES;
				HEADER_SEARCH_PATHS = (
					"$(SRCROOT)/../cocos2d",
					"$(SRCROOT)/../cocos2d/cocos",
					"$(SRCROOT)/../cocos2d/cocos/base",
					"$(SRCROOT)/../cocos2d/cocos/physics",
					"$(SRCROOT)/../cocos2d/cocos/math",
					"$(SRCROOT)/../cocos2d/cocos/2d",
					"$(SRCROOT)/../cocos2d/cocos/ui",
					"$(SRCROOT)/../cocos2d/cocos/network",
					"$(SRCROOT)/../cocos2d/cocos/audio/include",
					"$(SRCROOT)/../cocos2d/cocos/editor-support",
					"$(SRCROOT)/../cocos2d/extensions",
					"$(SRCROOT)/../cocos2d/external",
					"$(SRCROOT)/../cocos2d/external/chipmunk/include/chipmunk",
				);
				IPHONEOS_DEPLOYMENT_TARGET = 6.0;
				MACOSX_DEPLOYMENT_TARGET = 10.7;
				ONLY_ACTIVE_ARCH = YES;
				PRODUCT_NAME = "$(TARGET_NAME)";
				SDKROOT = macosx;
			};
			name = Debug;
		};
		C01FCF5008A954540054247B /* Release */ = {
			isa = XCBuildConfiguration;
			buildSettings = {
				CLANG_CXX_LANGUAGE_STANDARD = "c++0x";
				CLANG_CXX_LIBRARY = "libc++";
				GCC_WARN_ABOUT_RETURN_TYPE = YES;
				GCC_WARN_UNUSED_VARIABLE = YES;
				HEADER_SEARCH_PATHS = (
					"$(SRCROOT)/../cocos2d",
					"$(SRCROOT)/../cocos2d/cocos",
					"$(SRCROOT)/../cocos2d/cocos/base",
					"$(SRCROOT)/../cocos2d/cocos/physics",
					"$(SRCROOT)/../cocos2d/cocos/math",
					"$(SRCROOT)/../cocos2d/cocos/2d",
					"$(SRCROOT)/../cocos2d/cocos/ui",
					"$(SRCROOT)/../cocos2d/cocos/network",
					"$(SRCROOT)/../cocos2d/cocos/audio/include",
					"$(SRCROOT)/../cocos2d/cocos/editor-support",
					"$(SRCROOT)/../cocos2d/extensions",
					"$(SRCROOT)/../cocos2d/external",
					"$(SRCROOT)/../cocos2d/external/chipmunk/include/chipmunk",
				);
				IPHONEOS_DEPLOYMENT_TARGET = 6.0;
				MACOSX_DEPLOYMENT_TARGET = 10.7;
				OTHER_CFLAGS = "-DNS_BLOCK_ASSERTIONS=1";
				PRODUCT_NAME = "$(TARGET_NAME)";
				SDKROOT = macosx;
				VALIDATE_PRODUCT = YES;
			};
			name = Release;
		};
/* End XCBuildConfiguration section */

/* Begin XCConfigurationList section */
		1D6058960D05DD3E006BFB54 /* Build configuration list for PBXNativeTarget "MadGoD-mobile" */ = {
			isa = XCConfigurationList;
			buildConfigurations = (
				1D6058940D05DD3E006BFB54 /* Debug */,
				1D6058950D05DD3E006BFB54 /* Release */,
			);
			defaultConfigurationIsVisible = 0;
			defaultConfigurationName = Debug;
		};
		5087E76C17EB910900C73F5D /* Build configuration list for PBXNativeTarget "MadGoD-desktop" */ = {
			isa = XCConfigurationList;
			buildConfigurations = (
				5087E76D17EB910900C73F5D /* Debug */,
				5087E76E17EB910900C73F5D /* Release */,
			);
			defaultConfigurationIsVisible = 0;
			defaultConfigurationName = Debug;
		};
		C01FCF4E08A954540054247B /* Build configuration list for PBXProject "MadGoD" */ = {
			isa = XCConfigurationList;
			buildConfigurations = (
				C01FCF4F08A954540054247B /* Debug */,
				C01FCF5008A954540054247B /* Release */,
			);
			defaultConfigurationIsVisible = 0;
			defaultConfigurationName = Debug;
		};
/* End XCConfigurationList section */
	};
	rootObject = 29B97313FDCFA39411CA2CEA /* Project object */;
}
